
Microsoft Visual Studio Solution File, Format Version 12.00
# Visual Studio 15
VisualStudioVersion = 15.0.27703.2035
MinimumVisualStudioVersion = 10.0.40219.1
Project("{2150E333-8FDC-42A3-9474-1A3956D46DE8}") = "Day 1", "Day 1", "{DE1932DF-3811-4DF7-BD04-199F0A52C2E7}"
EndProject
Project("{2150E333-8FDC-42A3-9474-1A3956D46DE8}") = "Conversion Types", "Conversion Types", "{605464A3-DE63-4CA2-8A72-ED23503D68C8}"
EndProject
Project("{FAE04EC0-301F-11D3-BF4B-00C04F79EFBC}") = "Average", "Day 1\Conversion Types\Average\Average.csproj", "{6049459D-388F-4ECE-A769-7A693086F724}"
EndProject
Project("{FAE04EC0-301F-11D3-BF4B-00C04F79EFBC}") = "Formatting", "Day 1\Conversion Types\Formatting\Formatting.csproj", "{FB82A80D-C084-490A-9587-1997E40B0005}"
EndProject
Project("{FAE04EC0-301F-11D3-BF4B-00C04F79EFBC}") = "Switch", "Day 1\Conversion Types\Switch\Switch.csproj", "{C56D0ACD-BB20-410E-B27B-E0A72B5E4B24}"
EndProject
Project("{FAE04EC0-301F-11D3-BF4B-00C04F79EFBC}") = "Temperature", "Day 1\Conversion Types\Temperature\Temperature.csproj", "{5182CF5D-7C54-4C9A-B144-501547338B41}"
EndProject
Project("{2150E333-8FDC-42A3-9474-1A3956D46DE8}") = "Activity 1", "Activity 1", "{4F3C5F0E-DEA2-432A-A017-C9045250B834}"
EndProject
Project("{FAE04EC0-301F-11D3-BF4B-00C04F79EFBC}") = "Question 1.01", "Day 1\Question 1.01\Question 1.01.csproj", "{7099C209-EABB-4CBB-9FC4-AB7F8862E558}"
EndProject
Project("{FAE04EC0-301F-11D3-BF4B-00C04F79EFBC}") = "Question 1.02", "Day 1\Question 1.02\Question 1.02.csproj", "{6F061365-07E7-4156-9E9D-876EA934E94F}"
EndProject
Project("{FAE04EC0-301F-11D3-BF4B-00C04F79EFBC}") = "Question 1.03", "Day 1\Question 1.03\Question 1.03.csproj", "{D8138A8D-E73F-4192-96CB-2815620E7880}"
EndProject
Project("{FAE04EC0-301F-11D3-BF4B-00C04F79EFBC}") = "Question 1.04", "Day 1\Question 1.04\Question 1.04.csproj", "{3A52B8F0-F71D-43BC-A635-CAB017973BB7}"
EndProject
Project("{FAE04EC0-301F-11D3-BF4B-00C04F79EFBC}") = "Question 1.05", "Day 1\Question 1.05\Question 1.05.csproj", "{DF8A9C9E-8349-4300-A26E-3A5A04C99977}"
EndProject
Project("{FAE04EC0-301F-11D3-BF4B-00C04F79EFBC}") = "Question 1.06", "Day 1\Question 1.06\Question 1.06.csproj", "{CBB00FD8-11C0-4387-B0DF-36AF38D1CCF0}"
EndProject
Project("{FAE04EC0-301F-11D3-BF4B-00C04F79EFBC}") = "Question 1.07", "Day 1\Question 1.07\Question 1.07.csproj", "{AC7365F0-52F1-452C-86D9-5450079AC180}"
EndProject
Project("{FAE04EC0-301F-11D3-BF4B-00C04F79EFBC}") = "Question 1.08", "Day 1\Question 1.08\Question 1.08.csproj", "{13A8CABD-F023-49FF-9CA9-2DA37A26356B}"
EndProject
Project("{FAE04EC0-301F-11D3-BF4B-00C04F79EFBC}") = "Question 1.09", "Day 1\Question 1.09\Question 1.09.csproj", "{CD9A5D77-1DDE-463B-805D-0C641D4219C2}"
EndProject
Project("{FAE04EC0-301F-11D3-BF4B-00C04F79EFBC}") = "Question 1.10", "Day 1\Question 1.10\Question 1.10.csproj", "{E9B6FD13-7BFB-4B4D-98D8-BF8850A60527}"
EndProject
Project("{2150E333-8FDC-42A3-9474-1A3956D46DE8}") = "Day 2", "Day 2", "{DAB5AFAE-5BF7-4763-9E9F-10740B93897C}"
EndProject
Project("{2150E333-8FDC-42A3-9474-1A3956D46DE8}") = "Semantics", "Semantics", "{BD024EA6-C682-4B91-8F75-4F453F86D692}"
EndProject
Project("{2150E333-8FDC-42A3-9474-1A3956D46DE8}") = "Activity 2", "Activity 2", "{B3C4631E-F95F-47A6-8C16-0F246618619C}"
EndProject
Project("{FAE04EC0-301F-11D3-BF4B-00C04F79EFBC}") = "Ternary", "Day 2\Semantics\Ternary\Ternary.csproj", "{46365DE4-AE63-4AB1-AF90-19DC05EEDA9B}"
EndProject
Project("{FAE04EC0-301F-11D3-BF4B-00C04F79EFBC}") = "Question 2.01", "Day 2\Acitivity 1\Question 2.01\Question 2.01.csproj", "{F3CE21F1-68BB-4092-AD87-3D40C5DB8FB5}"
EndProject
Project("{FAE04EC0-301F-11D3-BF4B-00C04F79EFBC}") = "Question 2.02", "Day 2\Acitivity 1\Question 2.02\Question 2.02.csproj", "{E7DCEFAC-BBAA-43C3-9EBB-E1175A9AFBE7}"
EndProject
Project("{FAE04EC0-301F-11D3-BF4B-00C04F79EFBC}") = "Question 2.03", "Day 2\Acitivity 1\Question 2.03\Question 2.03.csproj", "{4EB1D47D-4688-40A6-BFF8-4647CD6166B7}"
EndProject
Project("{FAE04EC0-301F-11D3-BF4B-00C04F79EFBC}") = "Question 2.04", "Day 2\Acitivity 1\Question 2.04\Question 2.04.csproj", "{F4EFCF60-5DBA-4737-A102-A240B7B76EEA}"
EndProject
Project("{FAE04EC0-301F-11D3-BF4B-00C04F79EFBC}") = "Question 2.05", "Day 2\Acitivity 1\Question 2.05\Question 2.05.csproj", "{58069C40-E907-4886-A802-2C1AF0156881}"
EndProject
Project("{2150E333-8FDC-42A3-9474-1A3956D46DE8}") = "Day 3", "Day 3", "{C8380F45-3558-4870-854E-65766D06A620}"
EndProject
Project("{2150E333-8FDC-42A3-9474-1A3956D46DE8}") = "Loops", "Loops", "{06339E65-C249-4666-93D1-665A40760199}"
EndProject
Project("{FAE04EC0-301F-11D3-BF4B-00C04F79EFBC}") = "Random", "Day 3\Loops\Random\Random.csproj", "{F2E47104-2420-4E28-BD82-B247D1BF978F}"
EndProject
Project("{FAE04EC0-301F-11D3-BF4B-00C04F79EFBC}") = "While_Loop", "Day 3\Loops\While_Loop\While_Loop.csproj", "{D16F5A81-3D17-4299-8DCC-1D0263EE86B4}"
EndProject
Project("{2150E333-8FDC-42A3-9474-1A3956D46DE8}") = "Activity 3", "Activity 3", "{CFA7BB32-081F-4139-A0D8-955F64478F3D}"
EndProject
Project("{FAE04EC0-301F-11D3-BF4B-00C04F79EFBC}") = "App 3.01", "Day 3\Loops\App 3.01\App 3.01.csproj", "{FDC4B993-34DE-470B-AFCF-666F1AD016B2}"
EndProject
Project("{FAE04EC0-301F-11D3-BF4B-00C04F79EFBC}") = "Question 3.01", "Day 3\Activity 3\Question 3.01\Question 3.01.csproj", "{ACB71CD3-BD72-4E9C-B6B6-65355D784186}"
EndProject
Project("{FAE04EC0-301F-11D3-BF4B-00C04F79EFBC}") = "Question 3.02", "Day 3\Activity 3\Question 3.02\Question 3.02.csproj", "{DEB44060-BB3B-4466-B8C5-4F510492769B}"
EndProject
Project("{FAE04EC0-301F-11D3-BF4B-00C04F79EFBC}") = "Question 3.03", "Day 3\Activity 3\Question 3.03\Question 3.03.csproj", "{7CB4BEF2-4266-4884-BFB8-A6C73AACED0D}"
EndProject
Project("{FAE04EC0-301F-11D3-BF4B-00C04F79EFBC}") = "Question 3.04", "Day 3\Activity 3\Question 3.04\Question 3.04.csproj", "{2760C239-8BEB-4798-B6DD-71E11CBDF1CB}"
EndProject
Project("{FAE04EC0-301F-11D3-BF4B-00C04F79EFBC}") = "Question 3.05", "Day 3\Activity 3\Question 3.05\Question 3.05.csproj", "{A4F78A66-B124-4EFA-BBC4-68BD15B900D9}"
EndProject
Project("{FAE04EC0-301F-11D3-BF4B-00C04F79EFBC}") = "Question 3.06", "Day 3\Activity 3\Question 3.06\Question 3.06.csproj", "{BB4B2FD0-DD95-47D0-BA1C-98D6C408B359}"
EndProject
Project("{FAE04EC0-301F-11D3-BF4B-00C04F79EFBC}") = "Question 3.07", "Day 3\Activity 3\Question 3.07\Question 3.07.csproj", "{A7CED2D2-5F75-4C22-8E8D-34B387F82EA0}"
EndProject
Project("{FAE04EC0-301F-11D3-BF4B-00C04F79EFBC}") = "Question 3.08", "Day 3\Activity 3\Question 3.08\Question 3.08.csproj", "{DF42B15A-2909-4E54-8E07-C90068B63616}"
EndProject
Project("{FAE04EC0-301F-11D3-BF4B-00C04F79EFBC}") = "Question 3.09", "Day 3\Activity 3\Question 3.09\Question 3.09.csproj", "{D88B04F1-4450-4BB4-8EDB-27A8A7500844}"
EndProject
Project("{FAE04EC0-301F-11D3-BF4B-00C04F79EFBC}") = "Question 3.10", "Day 3\Activity 3\Question 3.10\Question 3.10.csproj", "{49B5E29B-C1A5-418F-AA93-6EF1161BACBF}"
EndProject
Project("{FAE04EC0-301F-11D3-BF4B-00C04F79EFBC}") = "Question 3.11", "Day 3\Activity 3\Question 3.11\Question 3.11.csproj", "{D2263E6F-D1DC-455F-B1A5-AC5FD5E38BC2}"
EndProject
Project("{FAE04EC0-301F-11D3-BF4B-00C04F79EFBC}") = "Question 3.12", "Day 3\Activity 3\Question 3.12\Question 3.12.csproj", "{56119505-6C5A-443F-9E9A-22A307972730}"
EndProject
Global
	GlobalSection(SolutionConfigurationPlatforms) = preSolution
		Debug|Any CPU = Debug|Any CPU
		Debug|x64 = Debug|x64
		Debug|x86 = Debug|x86
		Release|Any CPU = Release|Any CPU
		Release|x64 = Release|x64
		Release|x86 = Release|x86
	EndGlobalSection
	GlobalSection(ProjectConfigurationPlatforms) = postSolution
		{6049459D-388F-4ECE-A769-7A693086F724}.Debug|Any CPU.ActiveCfg = Debug|Any CPU
		{6049459D-388F-4ECE-A769-7A693086F724}.Debug|Any CPU.Build.0 = Debug|Any CPU
		{6049459D-388F-4ECE-A769-7A693086F724}.Debug|x64.ActiveCfg = Debug|Any CPU
		{6049459D-388F-4ECE-A769-7A693086F724}.Debug|x64.Build.0 = Debug|Any CPU
		{6049459D-388F-4ECE-A769-7A693086F724}.Debug|x86.ActiveCfg = Debug|Any CPU
		{6049459D-388F-4ECE-A769-7A693086F724}.Debug|x86.Build.0 = Debug|Any CPU
		{6049459D-388F-4ECE-A769-7A693086F724}.Release|Any CPU.ActiveCfg = Release|Any CPU
		{6049459D-388F-4ECE-A769-7A693086F724}.Release|Any CPU.Build.0 = Release|Any CPU
		{6049459D-388F-4ECE-A769-7A693086F724}.Release|x64.ActiveCfg = Release|Any CPU
		{6049459D-388F-4ECE-A769-7A693086F724}.Release|x64.Build.0 = Release|Any CPU
		{6049459D-388F-4ECE-A769-7A693086F724}.Release|x86.ActiveCfg = Release|Any CPU
		{6049459D-388F-4ECE-A769-7A693086F724}.Release|x86.Build.0 = Release|Any CPU
		{FB82A80D-C084-490A-9587-1997E40B0005}.Debug|Any CPU.ActiveCfg = Debug|Any CPU
		{FB82A80D-C084-490A-9587-1997E40B0005}.Debug|Any CPU.Build.0 = Debug|Any CPU
		{FB82A80D-C084-490A-9587-1997E40B0005}.Debug|x64.ActiveCfg = Debug|Any CPU
		{FB82A80D-C084-490A-9587-1997E40B0005}.Debug|x64.Build.0 = Debug|Any CPU
		{FB82A80D-C084-490A-9587-1997E40B0005}.Debug|x86.ActiveCfg = Debug|Any CPU
		{FB82A80D-C084-490A-9587-1997E40B0005}.Debug|x86.Build.0 = Debug|Any CPU
		{FB82A80D-C084-490A-9587-1997E40B0005}.Release|Any CPU.ActiveCfg = Release|Any CPU
		{FB82A80D-C084-490A-9587-1997E40B0005}.Release|Any CPU.Build.0 = Release|Any CPU
		{FB82A80D-C084-490A-9587-1997E40B0005}.Release|x64.ActiveCfg = Release|Any CPU
		{FB82A80D-C084-490A-9587-1997E40B0005}.Release|x64.Build.0 = Release|Any CPU
		{FB82A80D-C084-490A-9587-1997E40B0005}.Release|x86.ActiveCfg = Release|Any CPU
		{FB82A80D-C084-490A-9587-1997E40B0005}.Release|x86.Build.0 = Release|Any CPU
		{C56D0ACD-BB20-410E-B27B-E0A72B5E4B24}.Debug|Any CPU.ActiveCfg = Debug|Any CPU
		{C56D0ACD-BB20-410E-B27B-E0A72B5E4B24}.Debug|Any CPU.Build.0 = Debug|Any CPU
		{C56D0ACD-BB20-410E-B27B-E0A72B5E4B24}.Debug|x64.ActiveCfg = Debug|Any CPU
		{C56D0ACD-BB20-410E-B27B-E0A72B5E4B24}.Debug|x64.Build.0 = Debug|Any CPU
		{C56D0ACD-BB20-410E-B27B-E0A72B5E4B24}.Debug|x86.ActiveCfg = Debug|Any CPU
		{C56D0ACD-BB20-410E-B27B-E0A72B5E4B24}.Debug|x86.Build.0 = Debug|Any CPU
		{C56D0ACD-BB20-410E-B27B-E0A72B5E4B24}.Release|Any CPU.ActiveCfg = Release|Any CPU
		{C56D0ACD-BB20-410E-B27B-E0A72B5E4B24}.Release|Any CPU.Build.0 = Release|Any CPU
		{C56D0ACD-BB20-410E-B27B-E0A72B5E4B24}.Release|x64.ActiveCfg = Release|Any CPU
		{C56D0ACD-BB20-410E-B27B-E0A72B5E4B24}.Release|x64.Build.0 = Release|Any CPU
		{C56D0ACD-BB20-410E-B27B-E0A72B5E4B24}.Release|x86.ActiveCfg = Release|Any CPU
		{C56D0ACD-BB20-410E-B27B-E0A72B5E4B24}.Release|x86.Build.0 = Release|Any CPU
		{5182CF5D-7C54-4C9A-B144-501547338B41}.Debug|Any CPU.ActiveCfg = Debug|Any CPU
		{5182CF5D-7C54-4C9A-B144-501547338B41}.Debug|Any CPU.Build.0 = Debug|Any CPU
		{5182CF5D-7C54-4C9A-B144-501547338B41}.Debug|x64.ActiveCfg = Debug|Any CPU
		{5182CF5D-7C54-4C9A-B144-501547338B41}.Debug|x64.Build.0 = Debug|Any CPU
		{5182CF5D-7C54-4C9A-B144-501547338B41}.Debug|x86.ActiveCfg = Debug|Any CPU
		{5182CF5D-7C54-4C9A-B144-501547338B41}.Debug|x86.Build.0 = Debug|Any CPU
		{5182CF5D-7C54-4C9A-B144-501547338B41}.Release|Any CPU.ActiveCfg = Release|Any CPU
		{5182CF5D-7C54-4C9A-B144-501547338B41}.Release|Any CPU.Build.0 = Release|Any CPU
		{5182CF5D-7C54-4C9A-B144-501547338B41}.Release|x64.ActiveCfg = Release|Any CPU
		{5182CF5D-7C54-4C9A-B144-501547338B41}.Release|x64.Build.0 = Release|Any CPU
		{5182CF5D-7C54-4C9A-B144-501547338B41}.Release|x86.ActiveCfg = Release|Any CPU
		{5182CF5D-7C54-4C9A-B144-501547338B41}.Release|x86.Build.0 = Release|Any CPU
		{7099C209-EABB-4CBB-9FC4-AB7F8862E558}.Debug|Any CPU.ActiveCfg = Debug|Any CPU
		{7099C209-EABB-4CBB-9FC4-AB7F8862E558}.Debug|Any CPU.Build.0 = Debug|Any CPU
		{7099C209-EABB-4CBB-9FC4-AB7F8862E558}.Debug|x64.ActiveCfg = Debug|Any CPU
		{7099C209-EABB-4CBB-9FC4-AB7F8862E558}.Debug|x64.Build.0 = Debug|Any CPU
		{7099C209-EABB-4CBB-9FC4-AB7F8862E558}.Debug|x86.ActiveCfg = Debug|Any CPU
		{7099C209-EABB-4CBB-9FC4-AB7F8862E558}.Debug|x86.Build.0 = Debug|Any CPU
		{7099C209-EABB-4CBB-9FC4-AB7F8862E558}.Release|Any CPU.ActiveCfg = Release|Any CPU
		{7099C209-EABB-4CBB-9FC4-AB7F8862E558}.Release|Any CPU.Build.0 = Release|Any CPU
		{7099C209-EABB-4CBB-9FC4-AB7F8862E558}.Release|x64.ActiveCfg = Release|Any CPU
		{7099C209-EABB-4CBB-9FC4-AB7F8862E558}.Release|x64.Build.0 = Release|Any CPU
		{7099C209-EABB-4CBB-9FC4-AB7F8862E558}.Release|x86.ActiveCfg = Release|Any CPU
		{7099C209-EABB-4CBB-9FC4-AB7F8862E558}.Release|x86.Build.0 = Release|Any CPU
		{6F061365-07E7-4156-9E9D-876EA934E94F}.Debug|Any CPU.ActiveCfg = Debug|Any CPU
		{6F061365-07E7-4156-9E9D-876EA934E94F}.Debug|Any CPU.Build.0 = Debug|Any CPU
		{6F061365-07E7-4156-9E9D-876EA934E94F}.Debug|x64.ActiveCfg = Debug|Any CPU
		{6F061365-07E7-4156-9E9D-876EA934E94F}.Debug|x64.Build.0 = Debug|Any CPU
		{6F061365-07E7-4156-9E9D-876EA934E94F}.Debug|x86.ActiveCfg = Debug|Any CPU
		{6F061365-07E7-4156-9E9D-876EA934E94F}.Debug|x86.Build.0 = Debug|Any CPU
		{6F061365-07E7-4156-9E9D-876EA934E94F}.Release|Any CPU.ActiveCfg = Release|Any CPU
		{6F061365-07E7-4156-9E9D-876EA934E94F}.Release|Any CPU.Build.0 = Release|Any CPU
		{6F061365-07E7-4156-9E9D-876EA934E94F}.Release|x64.ActiveCfg = Release|Any CPU
		{6F061365-07E7-4156-9E9D-876EA934E94F}.Release|x64.Build.0 = Release|Any CPU
		{6F061365-07E7-4156-9E9D-876EA934E94F}.Release|x86.ActiveCfg = Release|Any CPU
		{6F061365-07E7-4156-9E9D-876EA934E94F}.Release|x86.Build.0 = Release|Any CPU
		{D8138A8D-E73F-4192-96CB-2815620E7880}.Debug|Any CPU.ActiveCfg = Debug|Any CPU
		{D8138A8D-E73F-4192-96CB-2815620E7880}.Debug|Any CPU.Build.0 = Debug|Any CPU
		{D8138A8D-E73F-4192-96CB-2815620E7880}.Debug|x64.ActiveCfg = Debug|Any CPU
		{D8138A8D-E73F-4192-96CB-2815620E7880}.Debug|x64.Build.0 = Debug|Any CPU
		{D8138A8D-E73F-4192-96CB-2815620E7880}.Debug|x86.ActiveCfg = Debug|Any CPU
		{D8138A8D-E73F-4192-96CB-2815620E7880}.Debug|x86.Build.0 = Debug|Any CPU
		{D8138A8D-E73F-4192-96CB-2815620E7880}.Release|Any CPU.ActiveCfg = Release|Any CPU
		{D8138A8D-E73F-4192-96CB-2815620E7880}.Release|Any CPU.Build.0 = Release|Any CPU
		{D8138A8D-E73F-4192-96CB-2815620E7880}.Release|x64.ActiveCfg = Release|Any CPU
		{D8138A8D-E73F-4192-96CB-2815620E7880}.Release|x64.Build.0 = Release|Any CPU
		{D8138A8D-E73F-4192-96CB-2815620E7880}.Release|x86.ActiveCfg = Release|Any CPU
		{D8138A8D-E73F-4192-96CB-2815620E7880}.Release|x86.Build.0 = Release|Any CPU
		{3A52B8F0-F71D-43BC-A635-CAB017973BB7}.Debug|Any CPU.ActiveCfg = Debug|Any CPU
		{3A52B8F0-F71D-43BC-A635-CAB017973BB7}.Debug|Any CPU.Build.0 = Debug|Any CPU
		{3A52B8F0-F71D-43BC-A635-CAB017973BB7}.Debug|x64.ActiveCfg = Debug|Any CPU
		{3A52B8F0-F71D-43BC-A635-CAB017973BB7}.Debug|x64.Build.0 = Debug|Any CPU
		{3A52B8F0-F71D-43BC-A635-CAB017973BB7}.Debug|x86.ActiveCfg = Debug|Any CPU
		{3A52B8F0-F71D-43BC-A635-CAB017973BB7}.Debug|x86.Build.0 = Debug|Any CPU
		{3A52B8F0-F71D-43BC-A635-CAB017973BB7}.Release|Any CPU.ActiveCfg = Release|Any CPU
		{3A52B8F0-F71D-43BC-A635-CAB017973BB7}.Release|Any CPU.Build.0 = Release|Any CPU
		{3A52B8F0-F71D-43BC-A635-CAB017973BB7}.Release|x64.ActiveCfg = Release|Any CPU
		{3A52B8F0-F71D-43BC-A635-CAB017973BB7}.Release|x64.Build.0 = Release|Any CPU
		{3A52B8F0-F71D-43BC-A635-CAB017973BB7}.Release|x86.ActiveCfg = Release|Any CPU
		{3A52B8F0-F71D-43BC-A635-CAB017973BB7}.Release|x86.Build.0 = Release|Any CPU
		{DF8A9C9E-8349-4300-A26E-3A5A04C99977}.Debug|Any CPU.ActiveCfg = Debug|Any CPU
		{DF8A9C9E-8349-4300-A26E-3A5A04C99977}.Debug|Any CPU.Build.0 = Debug|Any CPU
		{DF8A9C9E-8349-4300-A26E-3A5A04C99977}.Debug|x64.ActiveCfg = Debug|Any CPU
		{DF8A9C9E-8349-4300-A26E-3A5A04C99977}.Debug|x64.Build.0 = Debug|Any CPU
		{DF8A9C9E-8349-4300-A26E-3A5A04C99977}.Debug|x86.ActiveCfg = Debug|Any CPU
		{DF8A9C9E-8349-4300-A26E-3A5A04C99977}.Debug|x86.Build.0 = Debug|Any CPU
		{DF8A9C9E-8349-4300-A26E-3A5A04C99977}.Release|Any CPU.ActiveCfg = Release|Any CPU
		{DF8A9C9E-8349-4300-A26E-3A5A04C99977}.Release|Any CPU.Build.0 = Release|Any CPU
		{DF8A9C9E-8349-4300-A26E-3A5A04C99977}.Release|x64.ActiveCfg = Release|Any CPU
		{DF8A9C9E-8349-4300-A26E-3A5A04C99977}.Release|x64.Build.0 = Release|Any CPU
		{DF8A9C9E-8349-4300-A26E-3A5A04C99977}.Release|x86.ActiveCfg = Release|Any CPU
		{DF8A9C9E-8349-4300-A26E-3A5A04C99977}.Release|x86.Build.0 = Release|Any CPU
		{CBB00FD8-11C0-4387-B0DF-36AF38D1CCF0}.Debug|Any CPU.ActiveCfg = Debug|Any CPU
		{CBB00FD8-11C0-4387-B0DF-36AF38D1CCF0}.Debug|Any CPU.Build.0 = Debug|Any CPU
		{CBB00FD8-11C0-4387-B0DF-36AF38D1CCF0}.Debug|x64.ActiveCfg = Debug|Any CPU
		{CBB00FD8-11C0-4387-B0DF-36AF38D1CCF0}.Debug|x64.Build.0 = Debug|Any CPU
		{CBB00FD8-11C0-4387-B0DF-36AF38D1CCF0}.Debug|x86.ActiveCfg = Debug|Any CPU
		{CBB00FD8-11C0-4387-B0DF-36AF38D1CCF0}.Debug|x86.Build.0 = Debug|Any CPU
		{CBB00FD8-11C0-4387-B0DF-36AF38D1CCF0}.Release|Any CPU.ActiveCfg = Release|Any CPU
		{CBB00FD8-11C0-4387-B0DF-36AF38D1CCF0}.Release|Any CPU.Build.0 = Release|Any CPU
		{CBB00FD8-11C0-4387-B0DF-36AF38D1CCF0}.Release|x64.ActiveCfg = Release|Any CPU
		{CBB00FD8-11C0-4387-B0DF-36AF38D1CCF0}.Release|x64.Build.0 = Release|Any CPU
		{CBB00FD8-11C0-4387-B0DF-36AF38D1CCF0}.Release|x86.ActiveCfg = Release|Any CPU
		{CBB00FD8-11C0-4387-B0DF-36AF38D1CCF0}.Release|x86.Build.0 = Release|Any CPU
		{AC7365F0-52F1-452C-86D9-5450079AC180}.Debug|Any CPU.ActiveCfg = Debug|Any CPU
		{AC7365F0-52F1-452C-86D9-5450079AC180}.Debug|Any CPU.Build.0 = Debug|Any CPU
		{AC7365F0-52F1-452C-86D9-5450079AC180}.Debug|x64.ActiveCfg = Debug|Any CPU
		{AC7365F0-52F1-452C-86D9-5450079AC180}.Debug|x64.Build.0 = Debug|Any CPU
		{AC7365F0-52F1-452C-86D9-5450079AC180}.Debug|x86.ActiveCfg = Debug|Any CPU
		{AC7365F0-52F1-452C-86D9-5450079AC180}.Debug|x86.Build.0 = Debug|Any CPU
		{AC7365F0-52F1-452C-86D9-5450079AC180}.Release|Any CPU.ActiveCfg = Release|Any CPU
		{AC7365F0-52F1-452C-86D9-5450079AC180}.Release|Any CPU.Build.0 = Release|Any CPU
		{AC7365F0-52F1-452C-86D9-5450079AC180}.Release|x64.ActiveCfg = Release|Any CPU
		{AC7365F0-52F1-452C-86D9-5450079AC180}.Release|x64.Build.0 = Release|Any CPU
		{AC7365F0-52F1-452C-86D9-5450079AC180}.Release|x86.ActiveCfg = Release|Any CPU
		{AC7365F0-52F1-452C-86D9-5450079AC180}.Release|x86.Build.0 = Release|Any CPU
		{13A8CABD-F023-49FF-9CA9-2DA37A26356B}.Debug|Any CPU.ActiveCfg = Debug|Any CPU
		{13A8CABD-F023-49FF-9CA9-2DA37A26356B}.Debug|Any CPU.Build.0 = Debug|Any CPU
		{13A8CABD-F023-49FF-9CA9-2DA37A26356B}.Debug|x64.ActiveCfg = Debug|Any CPU
		{13A8CABD-F023-49FF-9CA9-2DA37A26356B}.Debug|x64.Build.0 = Debug|Any CPU
		{13A8CABD-F023-49FF-9CA9-2DA37A26356B}.Debug|x86.ActiveCfg = Debug|Any CPU
		{13A8CABD-F023-49FF-9CA9-2DA37A26356B}.Debug|x86.Build.0 = Debug|Any CPU
		{13A8CABD-F023-49FF-9CA9-2DA37A26356B}.Release|Any CPU.ActiveCfg = Release|Any CPU
		{13A8CABD-F023-49FF-9CA9-2DA37A26356B}.Release|Any CPU.Build.0 = Release|Any CPU
		{13A8CABD-F023-49FF-9CA9-2DA37A26356B}.Release|x64.ActiveCfg = Release|Any CPU
		{13A8CABD-F023-49FF-9CA9-2DA37A26356B}.Release|x64.Build.0 = Release|Any CPU
		{13A8CABD-F023-49FF-9CA9-2DA37A26356B}.Release|x86.ActiveCfg = Release|Any CPU
		{13A8CABD-F023-49FF-9CA9-2DA37A26356B}.Release|x86.Build.0 = Release|Any CPU
		{CD9A5D77-1DDE-463B-805D-0C641D4219C2}.Debug|Any CPU.ActiveCfg = Debug|Any CPU
		{CD9A5D77-1DDE-463B-805D-0C641D4219C2}.Debug|Any CPU.Build.0 = Debug|Any CPU
		{CD9A5D77-1DDE-463B-805D-0C641D4219C2}.Debug|x64.ActiveCfg = Debug|Any CPU
		{CD9A5D77-1DDE-463B-805D-0C641D4219C2}.Debug|x64.Build.0 = Debug|Any CPU
		{CD9A5D77-1DDE-463B-805D-0C641D4219C2}.Debug|x86.ActiveCfg = Debug|Any CPU
		{CD9A5D77-1DDE-463B-805D-0C641D4219C2}.Debug|x86.Build.0 = Debug|Any CPU
		{CD9A5D77-1DDE-463B-805D-0C641D4219C2}.Release|Any CPU.ActiveCfg = Release|Any CPU
		{CD9A5D77-1DDE-463B-805D-0C641D4219C2}.Release|Any CPU.Build.0 = Release|Any CPU
		{CD9A5D77-1DDE-463B-805D-0C641D4219C2}.Release|x64.ActiveCfg = Release|Any CPU
		{CD9A5D77-1DDE-463B-805D-0C641D4219C2}.Release|x64.Build.0 = Release|Any CPU
		{CD9A5D77-1DDE-463B-805D-0C641D4219C2}.Release|x86.ActiveCfg = Release|Any CPU
		{CD9A5D77-1DDE-463B-805D-0C641D4219C2}.Release|x86.Build.0 = Release|Any CPU
		{E9B6FD13-7BFB-4B4D-98D8-BF8850A60527}.Debug|Any CPU.ActiveCfg = Debug|Any CPU
		{E9B6FD13-7BFB-4B4D-98D8-BF8850A60527}.Debug|Any CPU.Build.0 = Debug|Any CPU
		{E9B6FD13-7BFB-4B4D-98D8-BF8850A60527}.Debug|x64.ActiveCfg = Debug|Any CPU
		{E9B6FD13-7BFB-4B4D-98D8-BF8850A60527}.Debug|x64.Build.0 = Debug|Any CPU
		{E9B6FD13-7BFB-4B4D-98D8-BF8850A60527}.Debug|x86.ActiveCfg = Debug|Any CPU
		{E9B6FD13-7BFB-4B4D-98D8-BF8850A60527}.Debug|x86.Build.0 = Debug|Any CPU
		{E9B6FD13-7BFB-4B4D-98D8-BF8850A60527}.Release|Any CPU.ActiveCfg = Release|Any CPU
		{E9B6FD13-7BFB-4B4D-98D8-BF8850A60527}.Release|Any CPU.Build.0 = Release|Any CPU
		{E9B6FD13-7BFB-4B4D-98D8-BF8850A60527}.Release|x64.ActiveCfg = Release|Any CPU
		{E9B6FD13-7BFB-4B4D-98D8-BF8850A60527}.Release|x64.Build.0 = Release|Any CPU
		{E9B6FD13-7BFB-4B4D-98D8-BF8850A60527}.Release|x86.ActiveCfg = Release|Any CPU
		{E9B6FD13-7BFB-4B4D-98D8-BF8850A60527}.Release|x86.Build.0 = Release|Any CPU
		{46365DE4-AE63-4AB1-AF90-19DC05EEDA9B}.Debug|Any CPU.ActiveCfg = Debug|Any CPU
		{46365DE4-AE63-4AB1-AF90-19DC05EEDA9B}.Debug|Any CPU.Build.0 = Debug|Any CPU
		{46365DE4-AE63-4AB1-AF90-19DC05EEDA9B}.Debug|x64.ActiveCfg = Debug|Any CPU
		{46365DE4-AE63-4AB1-AF90-19DC05EEDA9B}.Debug|x64.Build.0 = Debug|Any CPU
		{46365DE4-AE63-4AB1-AF90-19DC05EEDA9B}.Debug|x86.ActiveCfg = Debug|Any CPU
		{46365DE4-AE63-4AB1-AF90-19DC05EEDA9B}.Debug|x86.Build.0 = Debug|Any CPU
		{46365DE4-AE63-4AB1-AF90-19DC05EEDA9B}.Release|Any CPU.ActiveCfg = Release|Any CPU
		{46365DE4-AE63-4AB1-AF90-19DC05EEDA9B}.Release|Any CPU.Build.0 = Release|Any CPU
		{46365DE4-AE63-4AB1-AF90-19DC05EEDA9B}.Release|x64.ActiveCfg = Release|Any CPU
		{46365DE4-AE63-4AB1-AF90-19DC05EEDA9B}.Release|x64.Build.0 = Release|Any CPU
		{46365DE4-AE63-4AB1-AF90-19DC05EEDA9B}.Release|x86.ActiveCfg = Release|Any CPU
		{46365DE4-AE63-4AB1-AF90-19DC05EEDA9B}.Release|x86.Build.0 = Release|Any CPU
		{F3CE21F1-68BB-4092-AD87-3D40C5DB8FB5}.Debug|Any CPU.ActiveCfg = Debug|Any CPU
		{F3CE21F1-68BB-4092-AD87-3D40C5DB8FB5}.Debug|Any CPU.Build.0 = Debug|Any CPU
		{F3CE21F1-68BB-4092-AD87-3D40C5DB8FB5}.Debug|x64.ActiveCfg = Debug|Any CPU
		{F3CE21F1-68BB-4092-AD87-3D40C5DB8FB5}.Debug|x64.Build.0 = Debug|Any CPU
		{F3CE21F1-68BB-4092-AD87-3D40C5DB8FB5}.Debug|x86.ActiveCfg = Debug|Any CPU
		{F3CE21F1-68BB-4092-AD87-3D40C5DB8FB5}.Debug|x86.Build.0 = Debug|Any CPU
		{F3CE21F1-68BB-4092-AD87-3D40C5DB8FB5}.Release|Any CPU.ActiveCfg = Release|Any CPU
		{F3CE21F1-68BB-4092-AD87-3D40C5DB8FB5}.Release|Any CPU.Build.0 = Release|Any CPU
		{F3CE21F1-68BB-4092-AD87-3D40C5DB8FB5}.Release|x64.ActiveCfg = Release|Any CPU
		{F3CE21F1-68BB-4092-AD87-3D40C5DB8FB5}.Release|x64.Build.0 = Release|Any CPU
		{F3CE21F1-68BB-4092-AD87-3D40C5DB8FB5}.Release|x86.ActiveCfg = Release|Any CPU
		{F3CE21F1-68BB-4092-AD87-3D40C5DB8FB5}.Release|x86.Build.0 = Release|Any CPU
		{E7DCEFAC-BBAA-43C3-9EBB-E1175A9AFBE7}.Debug|Any CPU.ActiveCfg = Debug|Any CPU
		{E7DCEFAC-BBAA-43C3-9EBB-E1175A9AFBE7}.Debug|Any CPU.Build.0 = Debug|Any CPU
		{E7DCEFAC-BBAA-43C3-9EBB-E1175A9AFBE7}.Debug|x64.ActiveCfg = Debug|Any CPU
		{E7DCEFAC-BBAA-43C3-9EBB-E1175A9AFBE7}.Debug|x64.Build.0 = Debug|Any CPU
		{E7DCEFAC-BBAA-43C3-9EBB-E1175A9AFBE7}.Debug|x86.ActiveCfg = Debug|Any CPU
		{E7DCEFAC-BBAA-43C3-9EBB-E1175A9AFBE7}.Debug|x86.Build.0 = Debug|Any CPU
		{E7DCEFAC-BBAA-43C3-9EBB-E1175A9AFBE7}.Release|Any CPU.ActiveCfg = Release|Any CPU
		{E7DCEFAC-BBAA-43C3-9EBB-E1175A9AFBE7}.Release|Any CPU.Build.0 = Release|Any CPU
		{E7DCEFAC-BBAA-43C3-9EBB-E1175A9AFBE7}.Release|x64.ActiveCfg = Release|Any CPU
		{E7DCEFAC-BBAA-43C3-9EBB-E1175A9AFBE7}.Release|x64.Build.0 = Release|Any CPU
		{E7DCEFAC-BBAA-43C3-9EBB-E1175A9AFBE7}.Release|x86.ActiveCfg = Release|Any CPU
		{E7DCEFAC-BBAA-43C3-9EBB-E1175A9AFBE7}.Release|x86.Build.0 = Release|Any CPU
		{4EB1D47D-4688-40A6-BFF8-4647CD6166B7}.Debug|Any CPU.ActiveCfg = Debug|Any CPU
		{4EB1D47D-4688-40A6-BFF8-4647CD6166B7}.Debug|Any CPU.Build.0 = Debug|Any CPU
		{4EB1D47D-4688-40A6-BFF8-4647CD6166B7}.Debug|x64.ActiveCfg = Debug|Any CPU
		{4EB1D47D-4688-40A6-BFF8-4647CD6166B7}.Debug|x64.Build.0 = Debug|Any CPU
		{4EB1D47D-4688-40A6-BFF8-4647CD6166B7}.Debug|x86.ActiveCfg = Debug|Any CPU
		{4EB1D47D-4688-40A6-BFF8-4647CD6166B7}.Debug|x86.Build.0 = Debug|Any CPU
		{4EB1D47D-4688-40A6-BFF8-4647CD6166B7}.Release|Any CPU.ActiveCfg = Release|Any CPU
		{4EB1D47D-4688-40A6-BFF8-4647CD6166B7}.Release|Any CPU.Build.0 = Release|Any CPU
		{4EB1D47D-4688-40A6-BFF8-4647CD6166B7}.Release|x64.ActiveCfg = Release|Any CPU
		{4EB1D47D-4688-40A6-BFF8-4647CD6166B7}.Release|x64.Build.0 = Release|Any CPU
		{4EB1D47D-4688-40A6-BFF8-4647CD6166B7}.Release|x86.ActiveCfg = Release|Any CPU
		{4EB1D47D-4688-40A6-BFF8-4647CD6166B7}.Release|x86.Build.0 = Release|Any CPU
		{F4EFCF60-5DBA-4737-A102-A240B7B76EEA}.Debug|Any CPU.ActiveCfg = Debug|Any CPU
		{F4EFCF60-5DBA-4737-A102-A240B7B76EEA}.Debug|Any CPU.Build.0 = Debug|Any CPU
		{F4EFCF60-5DBA-4737-A102-A240B7B76EEA}.Debug|x64.ActiveCfg = Debug|Any CPU
		{F4EFCF60-5DBA-4737-A102-A240B7B76EEA}.Debug|x64.Build.0 = Debug|Any CPU
		{F4EFCF60-5DBA-4737-A102-A240B7B76EEA}.Debug|x86.ActiveCfg = Debug|Any CPU
		{F4EFCF60-5DBA-4737-A102-A240B7B76EEA}.Debug|x86.Build.0 = Debug|Any CPU
		{F4EFCF60-5DBA-4737-A102-A240B7B76EEA}.Release|Any CPU.ActiveCfg = Release|Any CPU
		{F4EFCF60-5DBA-4737-A102-A240B7B76EEA}.Release|Any CPU.Build.0 = Release|Any CPU
		{F4EFCF60-5DBA-4737-A102-A240B7B76EEA}.Release|x64.ActiveCfg = Release|Any CPU
		{F4EFCF60-5DBA-4737-A102-A240B7B76EEA}.Release|x64.Build.0 = Release|Any CPU
		{F4EFCF60-5DBA-4737-A102-A240B7B76EEA}.Release|x86.ActiveCfg = Release|Any CPU
		{F4EFCF60-5DBA-4737-A102-A240B7B76EEA}.Release|x86.Build.0 = Release|Any CPU
		{58069C40-E907-4886-A802-2C1AF0156881}.Debug|Any CPU.ActiveCfg = Debug|Any CPU
		{58069C40-E907-4886-A802-2C1AF0156881}.Debug|Any CPU.Build.0 = Debug|Any CPU
		{58069C40-E907-4886-A802-2C1AF0156881}.Debug|x64.ActiveCfg = Debug|Any CPU
		{58069C40-E907-4886-A802-2C1AF0156881}.Debug|x64.Build.0 = Debug|Any CPU
		{58069C40-E907-4886-A802-2C1AF0156881}.Debug|x86.ActiveCfg = Debug|Any CPU
		{58069C40-E907-4886-A802-2C1AF0156881}.Debug|x86.Build.0 = Debug|Any CPU
		{58069C40-E907-4886-A802-2C1AF0156881}.Release|Any CPU.ActiveCfg = Release|Any CPU
		{58069C40-E907-4886-A802-2C1AF0156881}.Release|Any CPU.Build.0 = Release|Any CPU
		{58069C40-E907-4886-A802-2C1AF0156881}.Release|x64.ActiveCfg = Release|Any CPU
		{58069C40-E907-4886-A802-2C1AF0156881}.Release|x64.Build.0 = Release|Any CPU
		{58069C40-E907-4886-A802-2C1AF0156881}.Release|x86.ActiveCfg = Release|Any CPU
		{58069C40-E907-4886-A802-2C1AF0156881}.Release|x86.Build.0 = Release|Any CPU
		{F2E47104-2420-4E28-BD82-B247D1BF978F}.Debug|Any CPU.ActiveCfg = Debug|Any CPU
		{F2E47104-2420-4E28-BD82-B247D1BF978F}.Debug|Any CPU.Build.0 = Debug|Any CPU
		{F2E47104-2420-4E28-BD82-B247D1BF978F}.Debug|x64.ActiveCfg = Debug|Any CPU
		{F2E47104-2420-4E28-BD82-B247D1BF978F}.Debug|x64.Build.0 = Debug|Any CPU
		{F2E47104-2420-4E28-BD82-B247D1BF978F}.Debug|x86.ActiveCfg = Debug|Any CPU
		{F2E47104-2420-4E28-BD82-B247D1BF978F}.Debug|x86.Build.0 = Debug|Any CPU
		{F2E47104-2420-4E28-BD82-B247D1BF978F}.Release|Any CPU.ActiveCfg = Release|Any CPU
		{F2E47104-2420-4E28-BD82-B247D1BF978F}.Release|Any CPU.Build.0 = Release|Any CPU
		{F2E47104-2420-4E28-BD82-B247D1BF978F}.Release|x64.ActiveCfg = Release|Any CPU
		{F2E47104-2420-4E28-BD82-B247D1BF978F}.Release|x64.Build.0 = Release|Any CPU
		{F2E47104-2420-4E28-BD82-B247D1BF978F}.Release|x86.ActiveCfg = Release|Any CPU
		{F2E47104-2420-4E28-BD82-B247D1BF978F}.Release|x86.Build.0 = Release|Any CPU
		{D16F5A81-3D17-4299-8DCC-1D0263EE86B4}.Debug|Any CPU.ActiveCfg = Debug|Any CPU
		{D16F5A81-3D17-4299-8DCC-1D0263EE86B4}.Debug|Any CPU.Build.0 = Debug|Any CPU
		{D16F5A81-3D17-4299-8DCC-1D0263EE86B4}.Debug|x64.ActiveCfg = Debug|Any CPU
		{D16F5A81-3D17-4299-8DCC-1D0263EE86B4}.Debug|x64.Build.0 = Debug|Any CPU
		{D16F5A81-3D17-4299-8DCC-1D0263EE86B4}.Debug|x86.ActiveCfg = Debug|Any CPU
		{D16F5A81-3D17-4299-8DCC-1D0263EE86B4}.Debug|x86.Build.0 = Debug|Any CPU
		{D16F5A81-3D17-4299-8DCC-1D0263EE86B4}.Release|Any CPU.ActiveCfg = Release|Any CPU
		{D16F5A81-3D17-4299-8DCC-1D0263EE86B4}.Release|Any CPU.Build.0 = Release|Any CPU
		{D16F5A81-3D17-4299-8DCC-1D0263EE86B4}.Release|x64.ActiveCfg = Release|Any CPU
		{D16F5A81-3D17-4299-8DCC-1D0263EE86B4}.Release|x64.Build.0 = Release|Any CPU
		{D16F5A81-3D17-4299-8DCC-1D0263EE86B4}.Release|x86.ActiveCfg = Release|Any CPU
		{D16F5A81-3D17-4299-8DCC-1D0263EE86B4}.Release|x86.Build.0 = Release|Any CPU
		{FDC4B993-34DE-470B-AFCF-666F1AD016B2}.Debug|Any CPU.ActiveCfg = Debug|Any CPU
		{FDC4B993-34DE-470B-AFCF-666F1AD016B2}.Debug|Any CPU.Build.0 = Debug|Any CPU
		{FDC4B993-34DE-470B-AFCF-666F1AD016B2}.Debug|x64.ActiveCfg = Debug|Any CPU
		{FDC4B993-34DE-470B-AFCF-666F1AD016B2}.Debug|x64.Build.0 = Debug|Any CPU
		{FDC4B993-34DE-470B-AFCF-666F1AD016B2}.Debug|x86.ActiveCfg = Debug|Any CPU
		{FDC4B993-34DE-470B-AFCF-666F1AD016B2}.Debug|x86.Build.0 = Debug|Any CPU
		{FDC4B993-34DE-470B-AFCF-666F1AD016B2}.Release|Any CPU.ActiveCfg = Release|Any CPU
		{FDC4B993-34DE-470B-AFCF-666F1AD016B2}.Release|Any CPU.Build.0 = Release|Any CPU
		{FDC4B993-34DE-470B-AFCF-666F1AD016B2}.Release|x64.ActiveCfg = Release|Any CPU
		{FDC4B993-34DE-470B-AFCF-666F1AD016B2}.Release|x64.Build.0 = Release|Any CPU
		{FDC4B993-34DE-470B-AFCF-666F1AD016B2}.Release|x86.ActiveCfg = Release|Any CPU
		{FDC4B993-34DE-470B-AFCF-666F1AD016B2}.Release|x86.Build.0 = Release|Any CPU
		{ACB71CD3-BD72-4E9C-B6B6-65355D784186}.Debug|Any CPU.ActiveCfg = Debug|Any CPU
		{ACB71CD3-BD72-4E9C-B6B6-65355D784186}.Debug|Any CPU.Build.0 = Debug|Any CPU
		{ACB71CD3-BD72-4E9C-B6B6-65355D784186}.Debug|x64.ActiveCfg = Debug|Any CPU
		{ACB71CD3-BD72-4E9C-B6B6-65355D784186}.Debug|x64.Build.0 = Debug|Any CPU
		{ACB71CD3-BD72-4E9C-B6B6-65355D784186}.Debug|x86.ActiveCfg = Debug|Any CPU
		{ACB71CD3-BD72-4E9C-B6B6-65355D784186}.Debug|x86.Build.0 = Debug|Any CPU
		{ACB71CD3-BD72-4E9C-B6B6-65355D784186}.Release|Any CPU.ActiveCfg = Release|Any CPU
		{ACB71CD3-BD72-4E9C-B6B6-65355D784186}.Release|Any CPU.Build.0 = Release|Any CPU
		{ACB71CD3-BD72-4E9C-B6B6-65355D784186}.Release|x64.ActiveCfg = Release|Any CPU
		{ACB71CD3-BD72-4E9C-B6B6-65355D784186}.Release|x64.Build.0 = Release|Any CPU
		{ACB71CD3-BD72-4E9C-B6B6-65355D784186}.Release|x86.ActiveCfg = Release|Any CPU
		{ACB71CD3-BD72-4E9C-B6B6-65355D784186}.Release|x86.Build.0 = Release|Any CPU
		{DEB44060-BB3B-4466-B8C5-4F510492769B}.Debug|Any CPU.ActiveCfg = Debug|Any CPU
		{DEB44060-BB3B-4466-B8C5-4F510492769B}.Debug|Any CPU.Build.0 = Debug|Any CPU
		{DEB44060-BB3B-4466-B8C5-4F510492769B}.Debug|x64.ActiveCfg = Debug|Any CPU
		{DEB44060-BB3B-4466-B8C5-4F510492769B}.Debug|x64.Build.0 = Debug|Any CPU
		{DEB44060-BB3B-4466-B8C5-4F510492769B}.Debug|x86.ActiveCfg = Debug|Any CPU
		{DEB44060-BB3B-4466-B8C5-4F510492769B}.Debug|x86.Build.0 = Debug|Any CPU
		{DEB44060-BB3B-4466-B8C5-4F510492769B}.Release|Any CPU.ActiveCfg = Release|Any CPU
		{DEB44060-BB3B-4466-B8C5-4F510492769B}.Release|Any CPU.Build.0 = Release|Any CPU
		{DEB44060-BB3B-4466-B8C5-4F510492769B}.Release|x64.ActiveCfg = Release|Any CPU
		{DEB44060-BB3B-4466-B8C5-4F510492769B}.Release|x64.Build.0 = Release|Any CPU
		{DEB44060-BB3B-4466-B8C5-4F510492769B}.Release|x86.ActiveCfg = Release|Any CPU
		{DEB44060-BB3B-4466-B8C5-4F510492769B}.Release|x86.Build.0 = Release|Any CPU
		{7CB4BEF2-4266-4884-BFB8-A6C73AACED0D}.Debug|Any CPU.ActiveCfg = Debug|Any CPU
		{7CB4BEF2-4266-4884-BFB8-A6C73AACED0D}.Debug|Any CPU.Build.0 = Debug|Any CPU
		{7CB4BEF2-4266-4884-BFB8-A6C73AACED0D}.Debug|x64.ActiveCfg = Debug|Any CPU
		{7CB4BEF2-4266-4884-BFB8-A6C73AACED0D}.Debug|x64.Build.0 = Debug|Any CPU
		{7CB4BEF2-4266-4884-BFB8-A6C73AACED0D}.Debug|x86.ActiveCfg = Debug|Any CPU
		{7CB4BEF2-4266-4884-BFB8-A6C73AACED0D}.Debug|x86.Build.0 = Debug|Any CPU
		{7CB4BEF2-4266-4884-BFB8-A6C73AACED0D}.Release|Any CPU.ActiveCfg = Release|Any CPU
		{7CB4BEF2-4266-4884-BFB8-A6C73AACED0D}.Release|Any CPU.Build.0 = Release|Any CPU
		{7CB4BEF2-4266-4884-BFB8-A6C73AACED0D}.Release|x64.ActiveCfg = Release|Any CPU
		{7CB4BEF2-4266-4884-BFB8-A6C73AACED0D}.Release|x64.Build.0 = Release|Any CPU
		{7CB4BEF2-4266-4884-BFB8-A6C73AACED0D}.Release|x86.ActiveCfg = Release|Any CPU
		{7CB4BEF2-4266-4884-BFB8-A6C73AACED0D}.Release|x86.Build.0 = Release|Any CPU
		{2760C239-8BEB-4798-B6DD-71E11CBDF1CB}.Debug|Any CPU.ActiveCfg = Debug|Any CPU
		{2760C239-8BEB-4798-B6DD-71E11CBDF1CB}.Debug|Any CPU.Build.0 = Debug|Any CPU
		{2760C239-8BEB-4798-B6DD-71E11CBDF1CB}.Debug|x64.ActiveCfg = Debug|Any CPU
		{2760C239-8BEB-4798-B6DD-71E11CBDF1CB}.Debug|x64.Build.0 = Debug|Any CPU
		{2760C239-8BEB-4798-B6DD-71E11CBDF1CB}.Debug|x86.ActiveCfg = Debug|Any CPU
		{2760C239-8BEB-4798-B6DD-71E11CBDF1CB}.Debug|x86.Build.0 = Debug|Any CPU
		{2760C239-8BEB-4798-B6DD-71E11CBDF1CB}.Release|Any CPU.ActiveCfg = Release|Any CPU
		{2760C239-8BEB-4798-B6DD-71E11CBDF1CB}.Release|Any CPU.Build.0 = Release|Any CPU
		{2760C239-8BEB-4798-B6DD-71E11CBDF1CB}.Release|x64.ActiveCfg = Release|Any CPU
		{2760C239-8BEB-4798-B6DD-71E11CBDF1CB}.Release|x64.Build.0 = Release|Any CPU
		{2760C239-8BEB-4798-B6DD-71E11CBDF1CB}.Release|x86.ActiveCfg = Release|Any CPU
		{2760C239-8BEB-4798-B6DD-71E11CBDF1CB}.Release|x86.Build.0 = Release|Any CPU
		{A4F78A66-B124-4EFA-BBC4-68BD15B900D9}.Debug|Any CPU.ActiveCfg = Debug|Any CPU
		{A4F78A66-B124-4EFA-BBC4-68BD15B900D9}.Debug|Any CPU.Build.0 = Debug|Any CPU
		{A4F78A66-B124-4EFA-BBC4-68BD15B900D9}.Debug|x64.ActiveCfg = Debug|Any CPU
		{A4F78A66-B124-4EFA-BBC4-68BD15B900D9}.Debug|x64.Build.0 = Debug|Any CPU
		{A4F78A66-B124-4EFA-BBC4-68BD15B900D9}.Debug|x86.ActiveCfg = Debug|Any CPU
		{A4F78A66-B124-4EFA-BBC4-68BD15B900D9}.Debug|x86.Build.0 = Debug|Any CPU
		{A4F78A66-B124-4EFA-BBC4-68BD15B900D9}.Release|Any CPU.ActiveCfg = Release|Any CPU
		{A4F78A66-B124-4EFA-BBC4-68BD15B900D9}.Release|Any CPU.Build.0 = Release|Any CPU
		{A4F78A66-B124-4EFA-BBC4-68BD15B900D9}.Release|x64.ActiveCfg = Release|Any CPU
		{A4F78A66-B124-4EFA-BBC4-68BD15B900D9}.Release|x64.Build.0 = Release|Any CPU
		{A4F78A66-B124-4EFA-BBC4-68BD15B900D9}.Release|x86.ActiveCfg = Release|Any CPU
		{A4F78A66-B124-4EFA-BBC4-68BD15B900D9}.Release|x86.Build.0 = Release|Any CPU
		{BB4B2FD0-DD95-47D0-BA1C-98D6C408B359}.Debug|Any CPU.ActiveCfg = Debug|Any CPU
		{BB4B2FD0-DD95-47D0-BA1C-98D6C408B359}.Debug|Any CPU.Build.0 = Debug|Any CPU
		{BB4B2FD0-DD95-47D0-BA1C-98D6C408B359}.Debug|x64.ActiveCfg = Debug|Any CPU
		{BB4B2FD0-DD95-47D0-BA1C-98D6C408B359}.Debug|x64.Build.0 = Debug|Any CPU
		{BB4B2FD0-DD95-47D0-BA1C-98D6C408B359}.Debug|x86.ActiveCfg = Debug|Any CPU
		{BB4B2FD0-DD95-47D0-BA1C-98D6C408B359}.Debug|x86.Build.0 = Debug|Any CPU
		{BB4B2FD0-DD95-47D0-BA1C-98D6C408B359}.Release|Any CPU.ActiveCfg = Release|Any CPU
		{BB4B2FD0-DD95-47D0-BA1C-98D6C408B359}.Release|Any CPU.Build.0 = Release|Any CPU
		{BB4B2FD0-DD95-47D0-BA1C-98D6C408B359}.Release|x64.ActiveCfg = Release|Any CPU
		{BB4B2FD0-DD95-47D0-BA1C-98D6C408B359}.Release|x64.Build.0 = Release|Any CPU
		{BB4B2FD0-DD95-47D0-BA1C-98D6C408B359}.Release|x86.ActiveCfg = Release|Any CPU
		{BB4B2FD0-DD95-47D0-BA1C-98D6C408B359}.Release|x86.Build.0 = Release|Any CPU
		{A7CED2D2-5F75-4C22-8E8D-34B387F82EA0}.Debug|Any CPU.ActiveCfg = Debug|Any CPU
		{A7CED2D2-5F75-4C22-8E8D-34B387F82EA0}.Debug|Any CPU.Build.0 = Debug|Any CPU
		{A7CED2D2-5F75-4C22-8E8D-34B387F82EA0}.Debug|x64.ActiveCfg = Debug|Any CPU
		{A7CED2D2-5F75-4C22-8E8D-34B387F82EA0}.Debug|x64.Build.0 = Debug|Any CPU
		{A7CED2D2-5F75-4C22-8E8D-34B387F82EA0}.Debug|x86.ActiveCfg = Debug|Any CPU
		{A7CED2D2-5F75-4C22-8E8D-34B387F82EA0}.Debug|x86.Build.0 = Debug|Any CPU
		{A7CED2D2-5F75-4C22-8E8D-34B387F82EA0}.Release|Any CPU.ActiveCfg = Release|Any CPU
		{A7CED2D2-5F75-4C22-8E8D-34B387F82EA0}.Release|Any CPU.Build.0 = Release|Any CPU
		{A7CED2D2-5F75-4C22-8E8D-34B387F82EA0}.Release|x64.ActiveCfg = Release|Any CPU
		{A7CED2D2-5F75-4C22-8E8D-34B387F82EA0}.Release|x64.Build.0 = Release|Any CPU
		{A7CED2D2-5F75-4C22-8E8D-34B387F82EA0}.Release|x86.ActiveCfg = Release|Any CPU
		{A7CED2D2-5F75-4C22-8E8D-34B387F82EA0}.Release|x86.Build.0 = Release|Any CPU
		{DF42B15A-2909-4E54-8E07-C90068B63616}.Debug|Any CPU.ActiveCfg = Debug|Any CPU
		{DF42B15A-2909-4E54-8E07-C90068B63616}.Debug|Any CPU.Build.0 = Debug|Any CPU
		{DF42B15A-2909-4E54-8E07-C90068B63616}.Debug|x64.ActiveCfg = Debug|Any CPU
		{DF42B15A-2909-4E54-8E07-C90068B63616}.Debug|x64.Build.0 = Debug|Any CPU
		{DF42B15A-2909-4E54-8E07-C90068B63616}.Debug|x86.ActiveCfg = Debug|Any CPU
		{DF42B15A-2909-4E54-8E07-C90068B63616}.Debug|x86.Build.0 = Debug|Any CPU
		{DF42B15A-2909-4E54-8E07-C90068B63616}.Release|Any CPU.ActiveCfg = Release|Any CPU
		{DF42B15A-2909-4E54-8E07-C90068B63616}.Release|Any CPU.Build.0 = Release|Any CPU
		{DF42B15A-2909-4E54-8E07-C90068B63616}.Release|x64.ActiveCfg = Release|Any CPU
		{DF42B15A-2909-4E54-8E07-C90068B63616}.Release|x64.Build.0 = Release|Any CPU
		{DF42B15A-2909-4E54-8E07-C90068B63616}.Release|x86.ActiveCfg = Release|Any CPU
		{DF42B15A-2909-4E54-8E07-C90068B63616}.Release|x86.Build.0 = Release|Any CPU
		{D88B04F1-4450-4BB4-8EDB-27A8A7500844}.Debug|Any CPU.ActiveCfg = Debug|Any CPU
		{D88B04F1-4450-4BB4-8EDB-27A8A7500844}.Debug|Any CPU.Build.0 = Debug|Any CPU
		{D88B04F1-4450-4BB4-8EDB-27A8A7500844}.Debug|x64.ActiveCfg = Debug|Any CPU
		{D88B04F1-4450-4BB4-8EDB-27A8A7500844}.Debug|x64.Build.0 = Debug|Any CPU
		{D88B04F1-4450-4BB4-8EDB-27A8A7500844}.Debug|x86.ActiveCfg = Debug|Any CPU
		{D88B04F1-4450-4BB4-8EDB-27A8A7500844}.Debug|x86.Build.0 = Debug|Any CPU
		{D88B04F1-4450-4BB4-8EDB-27A8A7500844}.Release|Any CPU.ActiveCfg = Release|Any CPU
		{D88B04F1-4450-4BB4-8EDB-27A8A7500844}.Release|Any CPU.Build.0 = Release|Any CPU
		{D88B04F1-4450-4BB4-8EDB-27A8A7500844}.Release|x64.ActiveCfg = Release|Any CPU
		{D88B04F1-4450-4BB4-8EDB-27A8A7500844}.Release|x64.Build.0 = Release|Any CPU
		{D88B04F1-4450-4BB4-8EDB-27A8A7500844}.Release|x86.ActiveCfg = Release|Any CPU
		{D88B04F1-4450-4BB4-8EDB-27A8A7500844}.Release|x86.Build.0 = Release|Any CPU
		{49B5E29B-C1A5-418F-AA93-6EF1161BACBF}.Debug|Any CPU.ActiveCfg = Debug|Any CPU
		{49B5E29B-C1A5-418F-AA93-6EF1161BACBF}.Debug|Any CPU.Build.0 = Debug|Any CPU
		{49B5E29B-C1A5-418F-AA93-6EF1161BACBF}.Debug|x64.ActiveCfg = Debug|Any CPU
		{49B5E29B-C1A5-418F-AA93-6EF1161BACBF}.Debug|x64.Build.0 = Debug|Any CPU
		{49B5E29B-C1A5-418F-AA93-6EF1161BACBF}.Debug|x86.ActiveCfg = Debug|Any CPU
		{49B5E29B-C1A5-418F-AA93-6EF1161BACBF}.Debug|x86.Build.0 = Debug|Any CPU
		{49B5E29B-C1A5-418F-AA93-6EF1161BACBF}.Release|Any CPU.ActiveCfg = Release|Any CPU
		{49B5E29B-C1A5-418F-AA93-6EF1161BACBF}.Release|Any CPU.Build.0 = Release|Any CPU
		{49B5E29B-C1A5-418F-AA93-6EF1161BACBF}.Release|x64.ActiveCfg = Release|Any CPU
		{49B5E29B-C1A5-418F-AA93-6EF1161BACBF}.Release|x64.Build.0 = Release|Any CPU
		{49B5E29B-C1A5-418F-AA93-6EF1161BACBF}.Release|x86.ActiveCfg = Release|Any CPU
		{49B5E29B-C1A5-418F-AA93-6EF1161BACBF}.Release|x86.Build.0 = Release|Any CPU
		{D2263E6F-D1DC-455F-B1A5-AC5FD5E38BC2}.Debug|Any CPU.ActiveCfg = Debug|Any CPU
		{D2263E6F-D1DC-455F-B1A5-AC5FD5E38BC2}.Debug|Any CPU.Build.0 = Debug|Any CPU
		{D2263E6F-D1DC-455F-B1A5-AC5FD5E38BC2}.Debug|x64.ActiveCfg = Debug|Any CPU
		{D2263E6F-D1DC-455F-B1A5-AC5FD5E38BC2}.Debug|x64.Build.0 = Debug|Any CPU
		{D2263E6F-D1DC-455F-B1A5-AC5FD5E38BC2}.Debug|x86.ActiveCfg = Debug|Any CPU
		{D2263E6F-D1DC-455F-B1A5-AC5FD5E38BC2}.Debug|x86.Build.0 = Debug|Any CPU
		{D2263E6F-D1DC-455F-B1A5-AC5FD5E38BC2}.Release|Any CPU.ActiveCfg = Release|Any CPU
		{D2263E6F-D1DC-455F-B1A5-AC5FD5E38BC2}.Release|Any CPU.Build.0 = Release|Any CPU
		{D2263E6F-D1DC-455F-B1A5-AC5FD5E38BC2}.Release|x64.ActiveCfg = Release|Any CPU
		{D2263E6F-D1DC-455F-B1A5-AC5FD5E38BC2}.Release|x64.Build.0 = Release|Any CPU
		{D2263E6F-D1DC-455F-B1A5-AC5FD5E38BC2}.Release|x86.ActiveCfg = Release|Any CPU
		{D2263E6F-D1DC-455F-B1A5-AC5FD5E38BC2}.Release|x86.Build.0 = Release|Any CPU
		{56119505-6C5A-443F-9E9A-22A307972730}.Debug|Any CPU.ActiveCfg = Debug|Any CPU
		{56119505-6C5A-443F-9E9A-22A307972730}.Debug|Any CPU.Build.0 = Debug|Any CPU
		{56119505-6C5A-443F-9E9A-22A307972730}.Debug|x64.ActiveCfg = Debug|Any CPU
		{56119505-6C5A-443F-9E9A-22A307972730}.Debug|x64.Build.0 = Debug|Any CPU
		{56119505-6C5A-443F-9E9A-22A307972730}.Debug|x86.ActiveCfg = Debug|Any CPU
		{56119505-6C5A-443F-9E9A-22A307972730}.Debug|x86.Build.0 = Debug|Any CPU
		{56119505-6C5A-443F-9E9A-22A307972730}.Release|Any CPU.ActiveCfg = Release|Any CPU
		{56119505-6C5A-443F-9E9A-22A307972730}.Release|Any CPU.Build.0 = Release|Any CPU
		{56119505-6C5A-443F-9E9A-22A307972730}.Release|x64.ActiveCfg = Release|Any CPU
		{56119505-6C5A-443F-9E9A-22A307972730}.Release|x64.Build.0 = Release|Any CPU
		{56119505-6C5A-443F-9E9A-22A307972730}.Release|x86.ActiveCfg = Release|Any CPU
		{56119505-6C5A-443F-9E9A-22A307972730}.Release|x86.Build.0 = Release|Any CPU
	EndGlobalSection
	GlobalSection(SolutionProperties) = preSolution
		HideSolutionNode = FALSE
	EndGlobalSection
	GlobalSection(NestedProjects) = preSolution
		{605464A3-DE63-4CA2-8A72-ED23503D68C8} = {DE1932DF-3811-4DF7-BD04-199F0A52C2E7}
		{6049459D-388F-4ECE-A769-7A693086F724} = {605464A3-DE63-4CA2-8A72-ED23503D68C8}
		{FB82A80D-C084-490A-9587-1997E40B0005} = {605464A3-DE63-4CA2-8A72-ED23503D68C8}
		{C56D0ACD-BB20-410E-B27B-E0A72B5E4B24} = {605464A3-DE63-4CA2-8A72-ED23503D68C8}
		{5182CF5D-7C54-4C9A-B144-501547338B41} = {605464A3-DE63-4CA2-8A72-ED23503D68C8}
		{4F3C5F0E-DEA2-432A-A017-C9045250B834} = {DE1932DF-3811-4DF7-BD04-199F0A52C2E7}
		{7099C209-EABB-4CBB-9FC4-AB7F8862E558} = {4F3C5F0E-DEA2-432A-A017-C9045250B834}
		{6F061365-07E7-4156-9E9D-876EA934E94F} = {4F3C5F0E-DEA2-432A-A017-C9045250B834}
		{D8138A8D-E73F-4192-96CB-2815620E7880} = {4F3C5F0E-DEA2-432A-A017-C9045250B834}
		{3A52B8F0-F71D-43BC-A635-CAB017973BB7} = {4F3C5F0E-DEA2-432A-A017-C9045250B834}
		{DF8A9C9E-8349-4300-A26E-3A5A04C99977} = {4F3C5F0E-DEA2-432A-A017-C9045250B834}
		{CBB00FD8-11C0-4387-B0DF-36AF38D1CCF0} = {4F3C5F0E-DEA2-432A-A017-C9045250B834}
		{AC7365F0-52F1-452C-86D9-5450079AC180} = {4F3C5F0E-DEA2-432A-A017-C9045250B834}
		{13A8CABD-F023-49FF-9CA9-2DA37A26356B} = {4F3C5F0E-DEA2-432A-A017-C9045250B834}
		{CD9A5D77-1DDE-463B-805D-0C641D4219C2} = {4F3C5F0E-DEA2-432A-A017-C9045250B834}
		{E9B6FD13-7BFB-4B4D-98D8-BF8850A60527} = {4F3C5F0E-DEA2-432A-A017-C9045250B834}
		{BD024EA6-C682-4B91-8F75-4F453F86D692} = {DAB5AFAE-5BF7-4763-9E9F-10740B93897C}
		{B3C4631E-F95F-47A6-8C16-0F246618619C} = {DAB5AFAE-5BF7-4763-9E9F-10740B93897C}
		{46365DE4-AE63-4AB1-AF90-19DC05EEDA9B} = {BD024EA6-C682-4B91-8F75-4F453F86D692}
		{F3CE21F1-68BB-4092-AD87-3D40C5DB8FB5} = {B3C4631E-F95F-47A6-8C16-0F246618619C}
		{E7DCEFAC-BBAA-43C3-9EBB-E1175A9AFBE7} = {B3C4631E-F95F-47A6-8C16-0F246618619C}
		{4EB1D47D-4688-40A6-BFF8-4647CD6166B7} = {B3C4631E-F95F-47A6-8C16-0F246618619C}
		{F4EFCF60-5DBA-4737-A102-A240B7B76EEA} = {B3C4631E-F95F-47A6-8C16-0F246618619C}
		{58069C40-E907-4886-A802-2C1AF0156881} = {B3C4631E-F95F-47A6-8C16-0F246618619C}
		{06339E65-C249-4666-93D1-665A40760199} = {C8380F45-3558-4870-854E-65766D06A620}
		{F2E47104-2420-4E28-BD82-B247D1BF978F} = {06339E65-C249-4666-93D1-665A40760199}
		{D16F5A81-3D17-4299-8DCC-1D0263EE86B4} = {06339E65-C249-4666-93D1-665A40760199}
		{CFA7BB32-081F-4139-A0D8-955F64478F3D} = {C8380F45-3558-4870-854E-65766D06A620}
		{FDC4B993-34DE-470B-AFCF-666F1AD016B2} = {06339E65-C249-4666-93D1-665A40760199}
		{ACB71CD3-BD72-4E9C-B6B6-65355D784186} = {CFA7BB32-081F-4139-A0D8-955F64478F3D}
		{DEB44060-BB3B-4466-B8C5-4F510492769B} = {CFA7BB32-081F-4139-A0D8-955F64478F3D}
		{7CB4BEF2-4266-4884-BFB8-A6C73AACED0D} = {CFA7BB32-081F-4139-A0D8-955F64478F3D}
		{2760C239-8BEB-4798-B6DD-71E11CBDF1CB} = {CFA7BB32-081F-4139-A0D8-955F64478F3D}
		{A4F78A66-B124-4EFA-BBC4-68BD15B900D9} = {CFA7BB32-081F-4139-A0D8-955F64478F3D}
		{BB4B2FD0-DD95-47D0-BA1C-98D6C408B359} = {CFA7BB32-081F-4139-A0D8-955F64478F3D}
		{A7CED2D2-5F75-4C22-8E8D-34B387F82EA0} = {CFA7BB32-081F-4139-A0D8-955F64478F3D}
		{DF42B15A-2909-4E54-8E07-C90068B63616} = {CFA7BB32-081F-4139-A0D8-955F64478F3D}
		{D88B04F1-4450-4BB4-8EDB-27A8A7500844} = {CFA7BB32-081F-4139-A0D8-955F64478F3D}
		{49B5E29B-C1A5-418F-AA93-6EF1161BACBF} = {CFA7BB32-081F-4139-A0D8-955F64478F3D}
		{D2263E6F-D1DC-455F-B1A5-AC5FD5E38BC2} = {CFA7BB32-081F-4139-A0D8-955F64478F3D}
		{56119505-6C5A-443F-9E9A-22A307972730} = {CFA7BB32-081F-4139-A0D8-955F64478F3D}
	EndGlobalSection
	GlobalSection(ExtensibilityGlobals) = postSolution
		SolutionGuid = {E1408DF2-CAFC-4F66-9EAB-FA545046C5C9}
	EndGlobalSection
EndGlobal
