
Microsoft Visual Studio Solution File, Format Version 12.00
# Visual Studio Version 16
VisualStudioVersion = 16.0.28714.193
MinimumVisualStudioVersion = 10.0.40219.1
Project("{2150E333-8FDC-42A3-9474-1A3956D46DE8}") = "Conversion Types", "Conversion Types", "{605464A3-DE63-4CA2-8A72-ED23503D68C8}"
EndProject
Project("{2150E333-8FDC-42A3-9474-1A3956D46DE8}") = "Activity 1", "Activity 1", "{4F3C5F0E-DEA2-432A-A017-C9045250B834}"
EndProject
Project("{FAE04EC0-301F-11D3-BF4B-00C04F79EFBC}") = "Question 1.01", "Activity 1\Question 1.01\Question 1.01.csproj", "{7099C209-EABB-4CBB-9FC4-AB7F8862E558}"
EndProject
Project("{FAE04EC0-301F-11D3-BF4B-00C04F79EFBC}") = "Question 1.02", "Activity 1\Question 1.02\Question 1.02.csproj", "{6F061365-07E7-4156-9E9D-876EA934E94F}"
EndProject
Project("{FAE04EC0-301F-11D3-BF4B-00C04F79EFBC}") = "Question 1.03", "Activity 1\Question 1.03\Question 1.03.csproj", "{D8138A8D-E73F-4192-96CB-2815620E7880}"
EndProject
Project("{FAE04EC0-301F-11D3-BF4B-00C04F79EFBC}") = "Question 1.04", "Activity 1\Question 1.04\Question 1.04.csproj", "{3A52B8F0-F71D-43BC-A635-CAB017973BB7}"
EndProject
Project("{FAE04EC0-301F-11D3-BF4B-00C04F79EFBC}") = "Question 1.05", "Activity 1\Question 1.05\Question 1.05.csproj", "{DF8A9C9E-8349-4300-A26E-3A5A04C99977}"
EndProject
Project("{FAE04EC0-301F-11D3-BF4B-00C04F79EFBC}") = "Question 1.06", "Activity 1\Question 1.06\Question 1.06.csproj", "{CBB00FD8-11C0-4387-B0DF-36AF38D1CCF0}"
EndProject
Project("{FAE04EC0-301F-11D3-BF4B-00C04F79EFBC}") = "Question 1.07", "Activity 1\Question 1.07\Question 1.07.csproj", "{AC7365F0-52F1-452C-86D9-5450079AC180}"
EndProject
Project("{FAE04EC0-301F-11D3-BF4B-00C04F79EFBC}") = "Question 1.08", "Activity 1\Question 1.08\Question 1.08.csproj", "{13A8CABD-F023-49FF-9CA9-2DA37A26356B}"
EndProject
Project("{FAE04EC0-301F-11D3-BF4B-00C04F79EFBC}") = "Question 1.09", "Activity 1\Question 1.09\Question 1.09.csproj", "{CD9A5D77-1DDE-463B-805D-0C641D4219C2}"
EndProject
Project("{FAE04EC0-301F-11D3-BF4B-00C04F79EFBC}") = "Question 1.10", "Activity 1\Question 1.10\Question 1.10.csproj", "{E9B6FD13-7BFB-4B4D-98D8-BF8850A60527}"
EndProject
Project("{FAE04EC0-301F-11D3-BF4B-00C04F79EFBC}") = "Average", "Conversion Types\Average\Average.csproj", "{6049459D-388F-4ECE-A769-7A693086F724}"
EndProject
Project("{FAE04EC0-301F-11D3-BF4B-00C04F79EFBC}") = "Formatting", "Conversion Types\Formatting\Formatting.csproj", "{994FF5C4-9771-48D6-8876-6E75D54D655B}"
EndProject
Project("{FAE04EC0-301F-11D3-BF4B-00C04F79EFBC}") = "Switch", "Conversion Types\Switch\Switch.csproj", "{818A851C-4077-46DA-9D85-8741FAF69375}"
EndProject
Project("{FAE04EC0-301F-11D3-BF4B-00C04F79EFBC}") = "Temperature", "Conversion Types\Temperature\Temperature.csproj", "{E98DA2F9-067C-44FB-B293-54E201E8E409}"
EndProject
Global
	GlobalSection(SolutionConfigurationPlatforms) = preSolution
		Debug|Any CPU = Debug|Any CPU
		Debug|x64 = Debug|x64
		Debug|x86 = Debug|x86
		Release|Any CPU = Release|Any CPU
		Release|x64 = Release|x64
		Release|x86 = Release|x86
	EndGlobalSection
	GlobalSection(ProjectConfigurationPlatforms) = postSolution
		{7099C209-EABB-4CBB-9FC4-AB7F8862E558}.Debug|Any CPU.ActiveCfg = Debug|Any CPU
		{7099C209-EABB-4CBB-9FC4-AB7F8862E558}.Debug|Any CPU.Build.0 = Debug|Any CPU
		{7099C209-EABB-4CBB-9FC4-AB7F8862E558}.Debug|x64.ActiveCfg = Debug|Any CPU
		{7099C209-EABB-4CBB-9FC4-AB7F8862E558}.Debug|x64.Build.0 = Debug|Any CPU
		{7099C209-EABB-4CBB-9FC4-AB7F8862E558}.Debug|x86.ActiveCfg = Debug|Any CPU
		{7099C209-EABB-4CBB-9FC4-AB7F8862E558}.Debug|x86.Build.0 = Debug|Any CPU
		{7099C209-EABB-4CBB-9FC4-AB7F8862E558}.Release|Any CPU.ActiveCfg = Release|Any CPU
		{7099C209-EABB-4CBB-9FC4-AB7F8862E558}.Release|Any CPU.Build.0 = Release|Any CPU
		{7099C209-EABB-4CBB-9FC4-AB7F8862E558}.Release|x64.ActiveCfg = Release|Any CPU
		{7099C209-EABB-4CBB-9FC4-AB7F8862E558}.Release|x64.Build.0 = Release|Any CPU
		{7099C209-EABB-4CBB-9FC4-AB7F8862E558}.Release|x86.ActiveCfg = Release|Any CPU
		{7099C209-EABB-4CBB-9FC4-AB7F8862E558}.Release|x86.Build.0 = Release|Any CPU
		{6F061365-07E7-4156-9E9D-876EA934E94F}.Debug|Any CPU.ActiveCfg = Debug|Any CPU
		{6F061365-07E7-4156-9E9D-876EA934E94F}.Debug|Any CPU.Build.0 = Debug|Any CPU
		{6F061365-07E7-4156-9E9D-876EA934E94F}.Debug|x64.ActiveCfg = Debug|Any CPU
		{6F061365-07E7-4156-9E9D-876EA934E94F}.Debug|x64.Build.0 = Debug|Any CPU
		{6F061365-07E7-4156-9E9D-876EA934E94F}.Debug|x86.ActiveCfg = Debug|Any CPU
		{6F061365-07E7-4156-9E9D-876EA934E94F}.Debug|x86.Build.0 = Debug|Any CPU
		{6F061365-07E7-4156-9E9D-876EA934E94F}.Release|Any CPU.ActiveCfg = Release|Any CPU
		{6F061365-07E7-4156-9E9D-876EA934E94F}.Release|Any CPU.Build.0 = Release|Any CPU
		{6F061365-07E7-4156-9E9D-876EA934E94F}.Release|x64.ActiveCfg = Release|Any CPU
		{6F061365-07E7-4156-9E9D-876EA934E94F}.Release|x64.Build.0 = Release|Any CPU
		{6F061365-07E7-4156-9E9D-876EA934E94F}.Release|x86.ActiveCfg = Release|Any CPU
		{6F061365-07E7-4156-9E9D-876EA934E94F}.Release|x86.Build.0 = Release|Any CPU
		{D8138A8D-E73F-4192-96CB-2815620E7880}.Debug|Any CPU.ActiveCfg = Debug|Any CPU
		{D8138A8D-E73F-4192-96CB-2815620E7880}.Debug|Any CPU.Build.0 = Debug|Any CPU
		{D8138A8D-E73F-4192-96CB-2815620E7880}.Debug|x64.ActiveCfg = Debug|Any CPU
		{D8138A8D-E73F-4192-96CB-2815620E7880}.Debug|x64.Build.0 = Debug|Any CPU
		{D8138A8D-E73F-4192-96CB-2815620E7880}.Debug|x86.ActiveCfg = Debug|Any CPU
		{D8138A8D-E73F-4192-96CB-2815620E7880}.Debug|x86.Build.0 = Debug|Any CPU
		{D8138A8D-E73F-4192-96CB-2815620E7880}.Release|Any CPU.ActiveCfg = Release|Any CPU
		{D8138A8D-E73F-4192-96CB-2815620E7880}.Release|Any CPU.Build.0 = Release|Any CPU
		{D8138A8D-E73F-4192-96CB-2815620E7880}.Release|x64.ActiveCfg = Release|Any CPU
		{D8138A8D-E73F-4192-96CB-2815620E7880}.Release|x64.Build.0 = Release|Any CPU
		{D8138A8D-E73F-4192-96CB-2815620E7880}.Release|x86.ActiveCfg = Release|Any CPU
		{D8138A8D-E73F-4192-96CB-2815620E7880}.Release|x86.Build.0 = Release|Any CPU
		{3A52B8F0-F71D-43BC-A635-CAB017973BB7}.Debug|Any CPU.ActiveCfg = Debug|Any CPU
		{3A52B8F0-F71D-43BC-A635-CAB017973BB7}.Debug|Any CPU.Build.0 = Debug|Any CPU
		{3A52B8F0-F71D-43BC-A635-CAB017973BB7}.Debug|x64.ActiveCfg = Debug|Any CPU
		{3A52B8F0-F71D-43BC-A635-CAB017973BB7}.Debug|x64.Build.0 = Debug|Any CPU
		{3A52B8F0-F71D-43BC-A635-CAB017973BB7}.Debug|x86.ActiveCfg = Debug|Any CPU
		{3A52B8F0-F71D-43BC-A635-CAB017973BB7}.Debug|x86.Build.0 = Debug|Any CPU
		{3A52B8F0-F71D-43BC-A635-CAB017973BB7}.Release|Any CPU.ActiveCfg = Release|Any CPU
		{3A52B8F0-F71D-43BC-A635-CAB017973BB7}.Release|Any CPU.Build.0 = Release|Any CPU
		{3A52B8F0-F71D-43BC-A635-CAB017973BB7}.Release|x64.ActiveCfg = Release|Any CPU
		{3A52B8F0-F71D-43BC-A635-CAB017973BB7}.Release|x64.Build.0 = Release|Any CPU
		{3A52B8F0-F71D-43BC-A635-CAB017973BB7}.Release|x86.ActiveCfg = Release|Any CPU
		{3A52B8F0-F71D-43BC-A635-CAB017973BB7}.Release|x86.Build.0 = Release|Any CPU
		{DF8A9C9E-8349-4300-A26E-3A5A04C99977}.Debug|Any CPU.ActiveCfg = Debug|Any CPU
		{DF8A9C9E-8349-4300-A26E-3A5A04C99977}.Debug|Any CPU.Build.0 = Debug|Any CPU
		{DF8A9C9E-8349-4300-A26E-3A5A04C99977}.Debug|x64.ActiveCfg = Debug|Any CPU
		{DF8A9C9E-8349-4300-A26E-3A5A04C99977}.Debug|x64.Build.0 = Debug|Any CPU
		{DF8A9C9E-8349-4300-A26E-3A5A04C99977}.Debug|x86.ActiveCfg = Debug|Any CPU
		{DF8A9C9E-8349-4300-A26E-3A5A04C99977}.Debug|x86.Build.0 = Debug|Any CPU
		{DF8A9C9E-8349-4300-A26E-3A5A04C99977}.Release|Any CPU.ActiveCfg = Release|Any CPU
		{DF8A9C9E-8349-4300-A26E-3A5A04C99977}.Release|Any CPU.Build.0 = Release|Any CPU
		{DF8A9C9E-8349-4300-A26E-3A5A04C99977}.Release|x64.ActiveCfg = Release|Any CPU
		{DF8A9C9E-8349-4300-A26E-3A5A04C99977}.Release|x64.Build.0 = Release|Any CPU
		{DF8A9C9E-8349-4300-A26E-3A5A04C99977}.Release|x86.ActiveCfg = Release|Any CPU
		{DF8A9C9E-8349-4300-A26E-3A5A04C99977}.Release|x86.Build.0 = Release|Any CPU
		{CBB00FD8-11C0-4387-B0DF-36AF38D1CCF0}.Debug|Any CPU.ActiveCfg = Debug|Any CPU
		{CBB00FD8-11C0-4387-B0DF-36AF38D1CCF0}.Debug|Any CPU.Build.0 = Debug|Any CPU
		{CBB00FD8-11C0-4387-B0DF-36AF38D1CCF0}.Debug|x64.ActiveCfg = Debug|Any CPU
		{CBB00FD8-11C0-4387-B0DF-36AF38D1CCF0}.Debug|x64.Build.0 = Debug|Any CPU
		{CBB00FD8-11C0-4387-B0DF-36AF38D1CCF0}.Debug|x86.ActiveCfg = Debug|Any CPU
		{CBB00FD8-11C0-4387-B0DF-36AF38D1CCF0}.Debug|x86.Build.0 = Debug|Any CPU
		{CBB00FD8-11C0-4387-B0DF-36AF38D1CCF0}.Release|Any CPU.ActiveCfg = Release|Any CPU
		{CBB00FD8-11C0-4387-B0DF-36AF38D1CCF0}.Release|Any CPU.Build.0 = Release|Any CPU
		{CBB00FD8-11C0-4387-B0DF-36AF38D1CCF0}.Release|x64.ActiveCfg = Release|Any CPU
		{CBB00FD8-11C0-4387-B0DF-36AF38D1CCF0}.Release|x64.Build.0 = Release|Any CPU
		{CBB00FD8-11C0-4387-B0DF-36AF38D1CCF0}.Release|x86.ActiveCfg = Release|Any CPU
		{CBB00FD8-11C0-4387-B0DF-36AF38D1CCF0}.Release|x86.Build.0 = Release|Any CPU
		{AC7365F0-52F1-452C-86D9-5450079AC180}.Debug|Any CPU.ActiveCfg = Debug|Any CPU
		{AC7365F0-52F1-452C-86D9-5450079AC180}.Debug|Any CPU.Build.0 = Debug|Any CPU
		{AC7365F0-52F1-452C-86D9-5450079AC180}.Debug|x64.ActiveCfg = Debug|Any CPU
		{AC7365F0-52F1-452C-86D9-5450079AC180}.Debug|x64.Build.0 = Debug|Any CPU
		{AC7365F0-52F1-452C-86D9-5450079AC180}.Debug|x86.ActiveCfg = Debug|Any CPU
		{AC7365F0-52F1-452C-86D9-5450079AC180}.Debug|x86.Build.0 = Debug|Any CPU
		{AC7365F0-52F1-452C-86D9-5450079AC180}.Release|Any CPU.ActiveCfg = Release|Any CPU
		{AC7365F0-52F1-452C-86D9-5450079AC180}.Release|Any CPU.Build.0 = Release|Any CPU
		{AC7365F0-52F1-452C-86D9-5450079AC180}.Release|x64.ActiveCfg = Release|Any CPU
		{AC7365F0-52F1-452C-86D9-5450079AC180}.Release|x64.Build.0 = Release|Any CPU
		{AC7365F0-52F1-452C-86D9-5450079AC180}.Release|x86.ActiveCfg = Release|Any CPU
		{AC7365F0-52F1-452C-86D9-5450079AC180}.Release|x86.Build.0 = Release|Any CPU
		{13A8CABD-F023-49FF-9CA9-2DA37A26356B}.Debug|Any CPU.ActiveCfg = Debug|Any CPU
		{13A8CABD-F023-49FF-9CA9-2DA37A26356B}.Debug|Any CPU.Build.0 = Debug|Any CPU
		{13A8CABD-F023-49FF-9CA9-2DA37A26356B}.Debug|x64.ActiveCfg = Debug|Any CPU
		{13A8CABD-F023-49FF-9CA9-2DA37A26356B}.Debug|x64.Build.0 = Debug|Any CPU
		{13A8CABD-F023-49FF-9CA9-2DA37A26356B}.Debug|x86.ActiveCfg = Debug|Any CPU
		{13A8CABD-F023-49FF-9CA9-2DA37A26356B}.Debug|x86.Build.0 = Debug|Any CPU
		{13A8CABD-F023-49FF-9CA9-2DA37A26356B}.Release|Any CPU.ActiveCfg = Release|Any CPU
		{13A8CABD-F023-49FF-9CA9-2DA37A26356B}.Release|Any CPU.Build.0 = Release|Any CPU
		{13A8CABD-F023-49FF-9CA9-2DA37A26356B}.Release|x64.ActiveCfg = Release|Any CPU
		{13A8CABD-F023-49FF-9CA9-2DA37A26356B}.Release|x64.Build.0 = Release|Any CPU
		{13A8CABD-F023-49FF-9CA9-2DA37A26356B}.Release|x86.ActiveCfg = Release|Any CPU
		{13A8CABD-F023-49FF-9CA9-2DA37A26356B}.Release|x86.Build.0 = Release|Any CPU
		{CD9A5D77-1DDE-463B-805D-0C641D4219C2}.Debug|Any CPU.ActiveCfg = Debug|Any CPU
		{CD9A5D77-1DDE-463B-805D-0C641D4219C2}.Debug|Any CPU.Build.0 = Debug|Any CPU
		{CD9A5D77-1DDE-463B-805D-0C641D4219C2}.Debug|x64.ActiveCfg = Debug|Any CPU
		{CD9A5D77-1DDE-463B-805D-0C641D4219C2}.Debug|x64.Build.0 = Debug|Any CPU
		{CD9A5D77-1DDE-463B-805D-0C641D4219C2}.Debug|x86.ActiveCfg = Debug|Any CPU
		{CD9A5D77-1DDE-463B-805D-0C641D4219C2}.Debug|x86.Build.0 = Debug|Any CPU
		{CD9A5D77-1DDE-463B-805D-0C641D4219C2}.Release|Any CPU.ActiveCfg = Release|Any CPU
		{CD9A5D77-1DDE-463B-805D-0C641D4219C2}.Release|Any CPU.Build.0 = Release|Any CPU
		{CD9A5D77-1DDE-463B-805D-0C641D4219C2}.Release|x64.ActiveCfg = Release|Any CPU
		{CD9A5D77-1DDE-463B-805D-0C641D4219C2}.Release|x64.Build.0 = Release|Any CPU
		{CD9A5D77-1DDE-463B-805D-0C641D4219C2}.Release|x86.ActiveCfg = Release|Any CPU
		{CD9A5D77-1DDE-463B-805D-0C641D4219C2}.Release|x86.Build.0 = Release|Any CPU
		{E9B6FD13-7BFB-4B4D-98D8-BF8850A60527}.Debug|Any CPU.ActiveCfg = Debug|Any CPU
		{E9B6FD13-7BFB-4B4D-98D8-BF8850A60527}.Debug|Any CPU.Build.0 = Debug|Any CPU
		{E9B6FD13-7BFB-4B4D-98D8-BF8850A60527}.Debug|x64.ActiveCfg = Debug|Any CPU
		{E9B6FD13-7BFB-4B4D-98D8-BF8850A60527}.Debug|x64.Build.0 = Debug|Any CPU
		{E9B6FD13-7BFB-4B4D-98D8-BF8850A60527}.Debug|x86.ActiveCfg = Debug|Any CPU
		{E9B6FD13-7BFB-4B4D-98D8-BF8850A60527}.Debug|x86.Build.0 = Debug|Any CPU
		{E9B6FD13-7BFB-4B4D-98D8-BF8850A60527}.Release|Any CPU.ActiveCfg = Release|Any CPU
		{E9B6FD13-7BFB-4B4D-98D8-BF8850A60527}.Release|Any CPU.Build.0 = Release|Any CPU
		{E9B6FD13-7BFB-4B4D-98D8-BF8850A60527}.Release|x64.ActiveCfg = Release|Any CPU
		{E9B6FD13-7BFB-4B4D-98D8-BF8850A60527}.Release|x64.Build.0 = Release|Any CPU
		{E9B6FD13-7BFB-4B4D-98D8-BF8850A60527}.Release|x86.ActiveCfg = Release|Any CPU
		{E9B6FD13-7BFB-4B4D-98D8-BF8850A60527}.Release|x86.Build.0 = Release|Any CPU
		{6049459D-388F-4ECE-A769-7A693086F724}.Debug|Any CPU.ActiveCfg = Debug|Any CPU
		{6049459D-388F-4ECE-A769-7A693086F724}.Debug|Any CPU.Build.0 = Debug|Any CPU
		{6049459D-388F-4ECE-A769-7A693086F724}.Debug|x64.ActiveCfg = Debug|Any CPU
		{6049459D-388F-4ECE-A769-7A693086F724}.Debug|x64.Build.0 = Debug|Any CPU
		{6049459D-388F-4ECE-A769-7A693086F724}.Debug|x86.ActiveCfg = Debug|Any CPU
		{6049459D-388F-4ECE-A769-7A693086F724}.Debug|x86.Build.0 = Debug|Any CPU
		{6049459D-388F-4ECE-A769-7A693086F724}.Release|Any CPU.ActiveCfg = Release|Any CPU
		{6049459D-388F-4ECE-A769-7A693086F724}.Release|Any CPU.Build.0 = Release|Any CPU
		{6049459D-388F-4ECE-A769-7A693086F724}.Release|x64.ActiveCfg = Release|Any CPU
		{6049459D-388F-4ECE-A769-7A693086F724}.Release|x64.Build.0 = Release|Any CPU
		{6049459D-388F-4ECE-A769-7A693086F724}.Release|x86.ActiveCfg = Release|Any CPU
		{6049459D-388F-4ECE-A769-7A693086F724}.Release|x86.Build.0 = Release|Any CPU
		{994FF5C4-9771-48D6-8876-6E75D54D655B}.Debug|Any CPU.ActiveCfg = Debug|Any CPU
		{994FF5C4-9771-48D6-8876-6E75D54D655B}.Debug|Any CPU.Build.0 = Debug|Any CPU
		{994FF5C4-9771-48D6-8876-6E75D54D655B}.Debug|x64.ActiveCfg = Debug|Any CPU
		{994FF5C4-9771-48D6-8876-6E75D54D655B}.Debug|x64.Build.0 = Debug|Any CPU
		{994FF5C4-9771-48D6-8876-6E75D54D655B}.Debug|x86.ActiveCfg = Debug|Any CPU
		{994FF5C4-9771-48D6-8876-6E75D54D655B}.Debug|x86.Build.0 = Debug|Any CPU
		{994FF5C4-9771-48D6-8876-6E75D54D655B}.Release|Any CPU.ActiveCfg = Release|Any CPU
		{994FF5C4-9771-48D6-8876-6E75D54D655B}.Release|Any CPU.Build.0 = Release|Any CPU
		{994FF5C4-9771-48D6-8876-6E75D54D655B}.Release|x64.ActiveCfg = Release|Any CPU
		{994FF5C4-9771-48D6-8876-6E75D54D655B}.Release|x64.Build.0 = Release|Any CPU
		{994FF5C4-9771-48D6-8876-6E75D54D655B}.Release|x86.ActiveCfg = Release|Any CPU
		{994FF5C4-9771-48D6-8876-6E75D54D655B}.Release|x86.Build.0 = Release|Any CPU
		{818A851C-4077-46DA-9D85-8741FAF69375}.Debug|Any CPU.ActiveCfg = Debug|Any CPU
		{818A851C-4077-46DA-9D85-8741FAF69375}.Debug|Any CPU.Build.0 = Debug|Any CPU
		{818A851C-4077-46DA-9D85-8741FAF69375}.Debug|x64.ActiveCfg = Debug|Any CPU
		{818A851C-4077-46DA-9D85-8741FAF69375}.Debug|x64.Build.0 = Debug|Any CPU
		{818A851C-4077-46DA-9D85-8741FAF69375}.Debug|x86.ActiveCfg = Debug|Any CPU
		{818A851C-4077-46DA-9D85-8741FAF69375}.Debug|x86.Build.0 = Debug|Any CPU
		{818A851C-4077-46DA-9D85-8741FAF69375}.Release|Any CPU.ActiveCfg = Release|Any CPU
		{818A851C-4077-46DA-9D85-8741FAF69375}.Release|Any CPU.Build.0 = Release|Any CPU
		{818A851C-4077-46DA-9D85-8741FAF69375}.Release|x64.ActiveCfg = Release|Any CPU
		{818A851C-4077-46DA-9D85-8741FAF69375}.Release|x64.Build.0 = Release|Any CPU
		{818A851C-4077-46DA-9D85-8741FAF69375}.Release|x86.ActiveCfg = Release|Any CPU
		{818A851C-4077-46DA-9D85-8741FAF69375}.Release|x86.Build.0 = Release|Any CPU
		{E98DA2F9-067C-44FB-B293-54E201E8E409}.Debug|Any CPU.ActiveCfg = Debug|Any CPU
		{E98DA2F9-067C-44FB-B293-54E201E8E409}.Debug|Any CPU.Build.0 = Debug|Any CPU
		{E98DA2F9-067C-44FB-B293-54E201E8E409}.Debug|x64.ActiveCfg = Debug|Any CPU
		{E98DA2F9-067C-44FB-B293-54E201E8E409}.Debug|x64.Build.0 = Debug|Any CPU
		{E98DA2F9-067C-44FB-B293-54E201E8E409}.Debug|x86.ActiveCfg = Debug|Any CPU
		{E98DA2F9-067C-44FB-B293-54E201E8E409}.Debug|x86.Build.0 = Debug|Any CPU
		{E98DA2F9-067C-44FB-B293-54E201E8E409}.Release|Any CPU.ActiveCfg = Release|Any CPU
		{E98DA2F9-067C-44FB-B293-54E201E8E409}.Release|Any CPU.Build.0 = Release|Any CPU
		{E98DA2F9-067C-44FB-B293-54E201E8E409}.Release|x64.ActiveCfg = Release|Any CPU
		{E98DA2F9-067C-44FB-B293-54E201E8E409}.Release|x64.Build.0 = Release|Any CPU
		{E98DA2F9-067C-44FB-B293-54E201E8E409}.Release|x86.ActiveCfg = Release|Any CPU
		{E98DA2F9-067C-44FB-B293-54E201E8E409}.Release|x86.Build.0 = Release|Any CPU
	EndGlobalSection
	GlobalSection(SolutionProperties) = preSolution
		HideSolutionNode = FALSE
	EndGlobalSection
	GlobalSection(NestedProjects) = preSolution
		{7099C209-EABB-4CBB-9FC4-AB7F8862E558} = {4F3C5F0E-DEA2-432A-A017-C9045250B834}
		{6F061365-07E7-4156-9E9D-876EA934E94F} = {4F3C5F0E-DEA2-432A-A017-C9045250B834}
		{D8138A8D-E73F-4192-96CB-2815620E7880} = {4F3C5F0E-DEA2-432A-A017-C9045250B834}
		{3A52B8F0-F71D-43BC-A635-CAB017973BB7} = {4F3C5F0E-DEA2-432A-A017-C9045250B834}
		{DF8A9C9E-8349-4300-A26E-3A5A04C99977} = {4F3C5F0E-DEA2-432A-A017-C9045250B834}
		{CBB00FD8-11C0-4387-B0DF-36AF38D1CCF0} = {4F3C5F0E-DEA2-432A-A017-C9045250B834}
		{AC7365F0-52F1-452C-86D9-5450079AC180} = {4F3C5F0E-DEA2-432A-A017-C9045250B834}
		{13A8CABD-F023-49FF-9CA9-2DA37A26356B} = {4F3C5F0E-DEA2-432A-A017-C9045250B834}
		{CD9A5D77-1DDE-463B-805D-0C641D4219C2} = {4F3C5F0E-DEA2-432A-A017-C9045250B834}
		{E9B6FD13-7BFB-4B4D-98D8-BF8850A60527} = {4F3C5F0E-DEA2-432A-A017-C9045250B834}
		{6049459D-388F-4ECE-A769-7A693086F724} = {605464A3-DE63-4CA2-8A72-ED23503D68C8}
		{994FF5C4-9771-48D6-8876-6E75D54D655B} = {605464A3-DE63-4CA2-8A72-ED23503D68C8}
		{818A851C-4077-46DA-9D85-8741FAF69375} = {605464A3-DE63-4CA2-8A72-ED23503D68C8}
		{E98DA2F9-067C-44FB-B293-54E201E8E409} = {605464A3-DE63-4CA2-8A72-ED23503D68C8}
	EndGlobalSection
	GlobalSection(ExtensibilityGlobals) = postSolution
		SolutionGuid = {E1408DF2-CAFC-4F66-9EAB-FA545046C5C9}
	EndGlobalSection
EndGlobal
