
Microsoft Visual Studio Solution File, Format Version 12.00
# Visual Studio Version 16
VisualStudioVersion = 16.0.28803.352
MinimumVisualStudioVersion = 10.0.40219.1
Project("{FAE04EC0-301F-11D3-BF4B-00C04F79EFBC}") = "MusicPlayer", "MusicPlayer\MusicPlayer.csproj", "{F3BE76F7-7909-4D89-953B-49D27B0AAA9F}"
EndProject
Project("{FAE04EC0-301F-11D3-BF4B-00C04F79EFBC}") = "VChan", "VChan\VChan.csproj", "{763AE180-1A54-4FA5-BFB5-9535A3F0274D}"
EndProject
Project("{FAE04EC0-301F-11D3-BF4B-00C04F79EFBC}") = "FodyMVVM", "FodyMVVM\FodyMVVM.csproj", "{57337C75-03A6-4A54-9B3A-15877E9E8A69}"
EndProject
Global
	GlobalSection(SolutionConfigurationPlatforms) = preSolution
		All|Any CPU = All|Any CPU
		All|x64 = All|x64
		All|x86 = All|x86
		Debug|Any CPU = Debug|Any CPU
		Debug|x64 = Debug|x64
		Debug|x86 = Debug|x86
		Release|Any CPU = Release|Any CPU
		Release|x64 = Release|x64
		Release|x86 = Release|x86
	EndGlobalSection
	GlobalSection(ProjectConfigurationPlatforms) = postSolution
		{F3BE76F7-7909-4D89-953B-49D27B0AAA9F}.All|Any CPU.ActiveCfg = Release|Any CPU
		{F3BE76F7-7909-4D89-953B-49D27B0AAA9F}.All|Any CPU.Build.0 = Release|Any CPU
		{F3BE76F7-7909-4D89-953B-49D27B0AAA9F}.All|x64.ActiveCfg = Release|x64
		{F3BE76F7-7909-4D89-953B-49D27B0AAA9F}.All|x64.Build.0 = Release|x64
		{F3BE76F7-7909-4D89-953B-49D27B0AAA9F}.All|x86.ActiveCfg = Release|Any CPU
		{F3BE76F7-7909-4D89-953B-49D27B0AAA9F}.All|x86.Build.0 = Release|Any CPU
		{F3BE76F7-7909-4D89-953B-49D27B0AAA9F}.Debug|Any CPU.ActiveCfg = Debug|Any CPU
		{F3BE76F7-7909-4D89-953B-49D27B0AAA9F}.Debug|Any CPU.Build.0 = Debug|Any CPU
		{F3BE76F7-7909-4D89-953B-49D27B0AAA9F}.Debug|x64.ActiveCfg = Debug|x64
		{F3BE76F7-7909-4D89-953B-49D27B0AAA9F}.Debug|x64.Build.0 = Debug|x64
		{F3BE76F7-7909-4D89-953B-49D27B0AAA9F}.Debug|x86.ActiveCfg = Debug|Any CPU
		{F3BE76F7-7909-4D89-953B-49D27B0AAA9F}.Debug|x86.Build.0 = Debug|Any CPU
		{F3BE76F7-7909-4D89-953B-49D27B0AAA9F}.Release|Any CPU.ActiveCfg = Release|Any CPU
		{F3BE76F7-7909-4D89-953B-49D27B0AAA9F}.Release|x64.ActiveCfg = Release|x64
		{F3BE76F7-7909-4D89-953B-49D27B0AAA9F}.Release|x64.Build.0 = Release|x64
		{F3BE76F7-7909-4D89-953B-49D27B0AAA9F}.Release|x86.ActiveCfg = Release|Any CPU
		{F3BE76F7-7909-4D89-953B-49D27B0AAA9F}.Release|x86.Build.0 = Release|Any CPU
		{763AE180-1A54-4FA5-BFB5-9535A3F0274D}.All|Any CPU.ActiveCfg = Release|Any CPU
		{763AE180-1A54-4FA5-BFB5-9535A3F0274D}.All|Any CPU.Build.0 = Release|Any CPU
		{763AE180-1A54-4FA5-BFB5-9535A3F0274D}.All|x64.ActiveCfg = Release|Any CPU
		{763AE180-1A54-4FA5-BFB5-9535A3F0274D}.All|x64.Build.0 = Release|Any CPU
		{763AE180-1A54-4FA5-BFB5-9535A3F0274D}.All|x86.ActiveCfg = Release|Any CPU
		{763AE180-1A54-4FA5-BFB5-9535A3F0274D}.All|x86.Build.0 = Release|Any CPU
		{763AE180-1A54-4FA5-BFB5-9535A3F0274D}.Debug|Any CPU.ActiveCfg = Debug|Any CPU
		{763AE180-1A54-4FA5-BFB5-9535A3F0274D}.Debug|Any CPU.Build.0 = Debug|Any CPU
		{763AE180-1A54-4FA5-BFB5-9535A3F0274D}.Debug|x64.ActiveCfg = Debug|Any CPU
		{763AE180-1A54-4FA5-BFB5-9535A3F0274D}.Debug|x64.Build.0 = Debug|Any CPU
		{763AE180-1A54-4FA5-BFB5-9535A3F0274D}.Debug|x86.ActiveCfg = Debug|Any CPU
		{763AE180-1A54-4FA5-BFB5-9535A3F0274D}.Debug|x86.Build.0 = Debug|Any CPU
		{763AE180-1A54-4FA5-BFB5-9535A3F0274D}.Release|Any CPU.ActiveCfg = Release|Any CPU
		{763AE180-1A54-4FA5-BFB5-9535A3F0274D}.Release|Any CPU.Build.0 = Release|Any CPU
		{763AE180-1A54-4FA5-BFB5-9535A3F0274D}.Release|x64.ActiveCfg = Release|Any CPU
		{763AE180-1A54-4FA5-BFB5-9535A3F0274D}.Release|x64.Build.0 = Release|Any CPU
		{763AE180-1A54-4FA5-BFB5-9535A3F0274D}.Release|x86.ActiveCfg = Release|Any CPU
		{763AE180-1A54-4FA5-BFB5-9535A3F0274D}.Release|x86.Build.0 = Release|Any CPU
		{57337C75-03A6-4A54-9B3A-15877E9E8A69}.All|Any CPU.ActiveCfg = Release|Any CPU
		{57337C75-03A6-4A54-9B3A-15877E9E8A69}.All|Any CPU.Build.0 = Release|Any CPU
		{57337C75-03A6-4A54-9B3A-15877E9E8A69}.All|x64.ActiveCfg = Release|Any CPU
		{57337C75-03A6-4A54-9B3A-15877E9E8A69}.All|x64.Build.0 = Release|Any CPU
		{57337C75-03A6-4A54-9B3A-15877E9E8A69}.All|x86.ActiveCfg = Release|Any CPU
		{57337C75-03A6-4A54-9B3A-15877E9E8A69}.All|x86.Build.0 = Release|Any CPU
		{57337C75-03A6-4A54-9B3A-15877E9E8A69}.Debug|Any CPU.ActiveCfg = Debug|Any CPU
		{57337C75-03A6-4A54-9B3A-15877E9E8A69}.Debug|Any CPU.Build.0 = Debug|Any CPU
		{57337C75-03A6-4A54-9B3A-15877E9E8A69}.Debug|x64.ActiveCfg = Debug|Any CPU
		{57337C75-03A6-4A54-9B3A-15877E9E8A69}.Debug|x64.Build.0 = Debug|Any CPU
		{57337C75-03A6-4A54-9B3A-15877E9E8A69}.Debug|x86.ActiveCfg = Debug|Any CPU
		{57337C75-03A6-4A54-9B3A-15877E9E8A69}.Debug|x86.Build.0 = Debug|Any CPU
		{57337C75-03A6-4A54-9B3A-15877E9E8A69}.Release|Any CPU.ActiveCfg = Release|Any CPU
		{57337C75-03A6-4A54-9B3A-15877E9E8A69}.Release|Any CPU.Build.0 = Release|Any CPU
		{57337C75-03A6-4A54-9B3A-15877E9E8A69}.Release|x64.ActiveCfg = Release|Any CPU
		{57337C75-03A6-4A54-9B3A-15877E9E8A69}.Release|x64.Build.0 = Release|Any CPU
		{57337C75-03A6-4A54-9B3A-15877E9E8A69}.Release|x86.ActiveCfg = Release|Any CPU
		{57337C75-03A6-4A54-9B3A-15877E9E8A69}.Release|x86.Build.0 = Release|Any CPU
	EndGlobalSection
	GlobalSection(SolutionProperties) = preSolution
		HideSolutionNode = FALSE
	EndGlobalSection
	GlobalSection(ExtensibilityGlobals) = postSolution
		SolutionGuid = {7C7C3A07-8865-4C4E-936A-65D0CA6B171B}
	EndGlobalSection
EndGlobal
