
Microsoft Visual Studio Solution File, Format Version 12.00
# Visual Studio Version 16
VisualStudioVersion = 16.0.28721.148
MinimumVisualStudioVersion = 10.0.40219.1
Project("{FAE04EC0-301F-11D3-BF4B-00C04F79EFBC}") = "CJam", "CJam\CJam.csproj", "{7E472718-8A04-442B-9261-702A1DC83C59}"
EndProject
Project("{FAE04EC0-301F-11D3-BF4B-00C04F79EFBC}") = "CTJam", "CTJam\CTJam.csproj", "{C49FA968-3638-410A-B5A5-8C8D335460AF}"
EndProject
Global
	GlobalSection(SolutionConfigurationPlatforms) = preSolution
		Debug|Any CPU = Debug|Any CPU
		Release|Any CPU = Release|Any CPU
	EndGlobalSection
	GlobalSection(ProjectConfigurationPlatforms) = postSolution
		{7E472718-8A04-442B-9261-702A1DC83C59}.Debug|Any CPU.ActiveCfg = Debug|Any CPU
		{7E472718-8A04-442B-9261-702A1DC83C59}.Debug|Any CPU.Build.0 = Debug|Any CPU
		{7E472718-8A04-442B-9261-702A1DC83C59}.Release|Any CPU.ActiveCfg = Release|Any CPU
		{7E472718-8A04-442B-9261-702A1DC83C59}.Release|Any CPU.Build.0 = Release|Any CPU
		{C49FA968-3638-410A-B5A5-8C8D335460AF}.Debug|Any CPU.ActiveCfg = Debug|Any CPU
		{C49FA968-3638-410A-B5A5-8C8D335460AF}.Debug|Any CPU.Build.0 = Debug|Any CPU
		{C49FA968-3638-410A-B5A5-8C8D335460AF}.Release|Any CPU.ActiveCfg = Release|Any CPU
		{C49FA968-3638-410A-B5A5-8C8D335460AF}.Release|Any CPU.Build.0 = Release|Any CPU
	EndGlobalSection
	GlobalSection(SolutionProperties) = preSolution
		HideSolutionNode = FALSE
	EndGlobalSection
	GlobalSection(ExtensibilityGlobals) = postSolution
		SolutionGuid = {7C7C3A07-8865-4C4E-936A-65D0CA6B171B}
	EndGlobalSection
EndGlobal
