
Microsoft Visual Studio Solution File, Format Version 12.00
# Visual Studio Version 16
VisualStudioVersion = 16.0.28803.156
MinimumVisualStudioVersion = 10.0.40219.1
Project("{FAE04EC0-301F-11D3-BF4B-00C04F79EFBC}") = "DatabaseProject", "..\DatabaseProject\DatabaseProject.csproj", "{6527C9D9-93A8-4537-B2D6-BDC6840EE123}"
EndProject
Global
	GlobalSection(SolutionConfigurationPlatforms) = preSolution
		Debug|Any CPU = Debug|Any CPU
		Release|Any CPU = Release|Any CPU
	EndGlobalSection
	GlobalSection(ProjectConfigurationPlatforms) = postSolution
		{6527C9D9-93A8-4537-B2D6-BDC6840EE123}.Debug|Any CPU.ActiveCfg = Debug|Any CPU
		{6527C9D9-93A8-4537-B2D6-BDC6840EE123}.Debug|Any CPU.Build.0 = Debug|Any CPU
		{6527C9D9-93A8-4537-B2D6-BDC6840EE123}.Release|Any CPU.ActiveCfg = Release|Any CPU
		{6527C9D9-93A8-4537-B2D6-BDC6840EE123}.Release|Any CPU.Build.0 = Release|Any CPU
	EndGlobalSection
	GlobalSection(SolutionProperties) = preSolution
		HideSolutionNode = FALSE
	EndGlobalSection
	GlobalSection(ExtensibilityGlobals) = postSolution
		SolutionGuid = {A48D0A6E-FA56-4F92-A28F-3191D6D48F93}
	EndGlobalSection
EndGlobal
