
Microsoft Visual Studio Solution File, Format Version 12.00
# Visual Studio 15
VisualStudioVersion = 15.0.28307.421
MinimumVisualStudioVersion = 10.0.40219.1
Project("{FAE04EC0-301F-11D3-BF4B-00C04F79EFBC}") = "Quiz", "Quiz.csproj", "{B7D951B8-5FC0-4EF4-AE93-BE24A9FA86DC}"
EndProject
Global
	GlobalSection(SolutionConfigurationPlatforms) = preSolution
		Debug|Any CPU = Debug|Any CPU
		Release|Any CPU = Release|Any CPU
	EndGlobalSection
	GlobalSection(ProjectConfigurationPlatforms) = postSolution
		{B7D951B8-5FC0-4EF4-AE93-BE24A9FA86DC}.Debug|Any CPU.ActiveCfg = Debug|Any CPU
		{B7D951B8-5FC0-4EF4-AE93-BE24A9FA86DC}.Debug|Any CPU.Build.0 = Debug|Any CPU
		{B7D951B8-5FC0-4EF4-AE93-BE24A9FA86DC}.Release|Any CPU.ActiveCfg = Release|Any CPU
		{B7D951B8-5FC0-4EF4-AE93-BE24A9FA86DC}.Release|Any CPU.Build.0 = Release|Any CPU
	EndGlobalSection
	GlobalSection(SolutionProperties) = preSolution
		HideSolutionNode = FALSE
	EndGlobalSection
	GlobalSection(ExtensibilityGlobals) = postSolution
		SolutionGuid = {49F69229-E562-4F48-8CCD-198C9F640666}
	EndGlobalSection
EndGlobal
