
Microsoft Visual Studio Solution File, Format Version 12.00
# Visual Studio Version 16
VisualStudioVersion = 16.0.28714.193
MinimumVisualStudioVersion = 10.0.40219.1
Project("{FAE04EC0-301F-11D3-BF4B-00C04F79EFBC}") = "Math", "Math\Math.csproj", "{90446767-F00F-4E81-81AB-E21B5EC303DB}"
EndProject
Global
	GlobalSection(SolutionConfigurationPlatforms) = preSolution
		Debug|Any CPU = Debug|Any CPU
		Release|Any CPU = Release|Any CPU
	EndGlobalSection
	GlobalSection(ProjectConfigurationPlatforms) = postSolution
		{90446767-F00F-4E81-81AB-E21B5EC303DB}.Debug|Any CPU.ActiveCfg = Debug|Any CPU
		{90446767-F00F-4E81-81AB-E21B5EC303DB}.Debug|Any CPU.Build.0 = Debug|Any CPU
		{90446767-F00F-4E81-81AB-E21B5EC303DB}.Release|Any CPU.ActiveCfg = Release|Any CPU
		{90446767-F00F-4E81-81AB-E21B5EC303DB}.Release|Any CPU.Build.0 = Release|Any CPU
	EndGlobalSection
	GlobalSection(SolutionProperties) = preSolution
		HideSolutionNode = FALSE
	EndGlobalSection
	GlobalSection(ExtensibilityGlobals) = postSolution
		SolutionGuid = {DD2163D0-0DBB-498F-A6FE-47208C2C1047}
	EndGlobalSection
EndGlobal
